// !$*UTF8*$!
{
	archiveVersion = 1;
	classes = {
	};
	objectVersion = 50;
	objects = {

/* Begin PBXBuildFile section */
		45C4752F26074E7800041785 /* AppDelegate.swift in Sources */ = {isa = PBXBuildFile; fileRef = 45C4752E26074E7800041785 /* AppDelegate.swift */; };
		45C4753126074E7800041785 /* SceneDelegate.swift in Sources */ = {isa = PBXBuildFile; fileRef = 45C4753026074E7800041785 /* SceneDelegate.swift */; };
		45C4753326074E7800041785 /* ViewController.swift in Sources */ = {isa = PBXBuildFile; fileRef = 45C4753226074E7800041785 /* ViewController.swift */; };
		45C4753626074E7800041785 /* Main.storyboard in Resources */ = {isa = PBXBuildFile; fileRef = 45C4753426074E7800041785 /* Main.storyboard */; };
		45C4753826074E7800041785 /* Assets.xcassets in Resources */ = {isa = PBXBuildFile; fileRef = 45C4753726074E7800041785 /* Assets.xcassets */; };
		45C4753B26074E7800041785 /* LaunchScreen.storyboard in Resources */ = {isa = PBXBuildFile; fileRef = 45C4753926074E7800041785 /* LaunchScreen.storyboard */; };
		45C4754626074E7900041785 /* Swift_Calculator_TestTests.swift in Sources */ = {isa = PBXBuildFile; fileRef = 45C4754526074E7900041785 /* Swift_Calculator_TestTests.swift */; };
		45C4755126074E7900041785 /* Swift_Calculator_TestUITests.swift in Sources */ = {isa = PBXBuildFile; fileRef = 45C4755026074E7900041785 /* Swift_Calculator_TestUITests.swift */; };
/* End PBXBuildFile section */

/* Begin PBXContainerItemProxy section */
		45C4754226074E7900041785 /* PBXContainerItemProxy */ = {
			isa = PBXContainerItemProxy;
			containerPortal = 45C4752326074E7800041785 /* Project object */;
			proxyType = 1;
			remoteGlobalIDString = 45C4752A26074E7800041785;
			remoteInfo = Swift_Calculator_Test;
		};
		45C4754D26074E7900041785 /* PBXContainerItemProxy */ = {
			isa = PBXContainerItemProxy;
			containerPortal = 45C4752326074E7800041785 /* Project object */;
			proxyType = 1;
			remoteGlobalIDString = 45C4752A26074E7800041785;
			remoteInfo = Swift_Calculator_Test;
		};
/* End PBXContainerItemProxy section */

/* Begin PBXFileReference section */
		45C4752B26074E7800041785 /* Swift_Calculator_Test.app */ = {isa = PBXFileReference; explicitFileType = wrapper.application; includeInIndex = 0; path = Swift_Calculator_Test.app; sourceTree = BUILT_PRODUCTS_DIR; };
		45C4752E26074E7800041785 /* AppDelegate.swift */ = {isa = PBXFileReference; lastKnownFileType = sourcecode.swift; path = AppDelegate.swift; sourceTree = "<group>"; };
		45C4753026074E7800041785 /* SceneDelegate.swift */ = {isa = PBXFileReference; lastKnownFileType = sourcecode.swift; path = SceneDelegate.swift; sourceTree = "<group>"; };
		45C4753226074E7800041785 /* ViewController.swift */ = {isa = PBXFileReference; lastKnownFileType = sourcecode.swift; path = ViewController.swift; sourceTree = "<group>"; };
		45C4753526074E7800041785 /* Base */ = {isa = PBXFileReference; lastKnownFileType = file.storyboard; name = Base; path = Base.lproj/Main.storyboard; sourceTree = "<group>"; };
		45C4753726074E7800041785 /* Assets.xcassets */ = {isa = PBXFileReference; lastKnownFileType = folder.assetcatalog; path = Assets.xcassets; sourceTree = "<group>"; };
		45C4753A26074E7800041785 /* Base */ = {isa = PBXFileReference; lastKnownFileType = file.storyboard; name = Base; path = Base.lproj/LaunchScreen.storyboard; sourceTree = "<group>"; };
		45C4753C26074E7800041785 /* Info.plist */ = {isa = PBXFileReference; lastKnownFileType = text.plist.xml; path = Info.plist; sourceTree = "<group>"; };
		45C4754126074E7900041785 /* Swift_Calculator_TestTests.xctest */ = {isa = PBXFileReference; explicitFileType = wrapper.cfbundle; includeInIndex = 0; path = Swift_Calculator_TestTests.xctest; sourceTree = BUILT_PRODUCTS_DIR; };
		45C4754526074E7900041785 /* Swift_Calculator_TestTests.swift */ = {isa = PBXFileReference; lastKnownFileType = sourcecode.swift; path = Swift_Calculator_TestTests.swift; sourceTree = "<group>"; };
		45C4754726074E7900041785 /* Info.plist */ = {isa = PBXFileReference; lastKnownFileType = text.plist.xml; path = Info.plist; sourceTree = "<group>"; };
		45C4754C26074E7900041785 /* Swift_Calculator_TestUITests.xctest */ = {isa = PBXFileReference; explicitFileType = wrapper.cfbundle; includeInIndex = 0; path = Swift_Calculator_TestUITests.xctest; sourceTree = BUILT_PRODUCTS_DIR; };
		45C4755026074E7900041785 /* Swift_Calculator_TestUITests.swift */ = {isa = PBXFileReference; lastKnownFileType = sourcecode.swift; path = Swift_Calculator_TestUITests.swift; sourceTree = "<group>"; };
		45C4755226074E7900041785 /* Info.plist */ = {isa = PBXFileReference; lastKnownFileType = text.plist.xml; path = Info.plist; sourceTree = "<group>"; };
/* End PBXFileReference section */

/* Begin PBXFrameworksBuildPhase section */
		45C4752826074E7800041785 /* Frameworks */ = {
			isa = PBXFrameworksBuildPhase;
			buildActionMask = 2147483647;
			files = (
			);
			runOnlyForDeploymentPostprocessing = 0;
		};
		45C4753E26074E7900041785 /* Frameworks */ = {
			isa = PBXFrameworksBuildPhase;
			buildActionMask = 2147483647;
			files = (
			);
			runOnlyForDeploymentPostprocessing = 0;
		};
		45C4754926074E7900041785 /* Frameworks */ = {
			isa = PBXFrameworksBuildPhase;
			buildActionMask = 2147483647;
			files = (
			);
			runOnlyForDeploymentPostprocessing = 0;
		};
/* End PBXFrameworksBuildPhase section */

/* Begin PBXGroup section */
		45C4752226074E7800041785 = {
			isa = PBXGroup;
			children = (
				45C4752D26074E7800041785 /* Swift_Calculator_Test */,
				45C4754426074E7900041785 /* Swift_Calculator_TestTests */,
				45C4754F26074E7900041785 /* Swift_Calculator_TestUITests */,
				45C4752C26074E7800041785 /* Products */,
			);
			sourceTree = "<group>";
		};
		45C4752C26074E7800041785 /* Products */ = {
			isa = PBXGroup;
			children = (
				45C4752B26074E7800041785 /* Swift_Calculator_Test.app */,
				45C4754126074E7900041785 /* Swift_Calculator_TestTests.xctest */,
				45C4754C26074E7900041785 /* Swift_Calculator_TestUITests.xctest */,
			);
			name = Products;
			sourceTree = "<group>";
		};
		45C4752D26074E7800041785 /* Swift_Calculator_Test */ = {
			isa = PBXGroup;
			children = (
				45C4752E26074E7800041785 /* AppDelegate.swift */,
				45C4753026074E7800041785 /* SceneDelegate.swift */,
				45C4753226074E7800041785 /* ViewController.swift */,
				45C4753426074E7800041785 /* Main.storyboard */,
				45C4753726074E7800041785 /* Assets.xcassets */,
				45C4753926074E7800041785 /* LaunchScreen.storyboard */,
				45C4753C26074E7800041785 /* Info.plist */,
			);
			path = Swift_Calculator_Test;
			sourceTree = "<group>";
		};
		45C4754426074E7900041785 /* Swift_Calculator_TestTests */ = {
			isa = PBXGroup;
			children = (
				45C4754526074E7900041785 /* Swift_Calculator_TestTests.swift */,
				45C4754726074E7900041785 /* Info.plist */,
			);
			path = Swift_Calculator_TestTests;
			sourceTree = "<group>";
		};
		45C4754F26074E7900041785 /* Swift_Calculator_TestUITests */ = {
			isa = PBXGroup;
			children = (
				45C4755026074E7900041785 /* Swift_Calculator_TestUITests.swift */,
				45C4755226074E7900041785 /* Info.plist */,
			);
			path = Swift_Calculator_TestUITests;
			sourceTree = "<group>";
		};
/* End PBXGroup section */

/* Begin PBXNativeTarget section */
		45C4752A26074E7800041785 /* Swift_Calculator_Test */ = {
			isa = PBXNativeTarget;
			buildConfigurationList = 45C4755526074E7900041785 /* Build configuration list for PBXNativeTarget "Swift_Calculator_Test" */;
			buildPhases = (
				45C4752726074E7800041785 /* Sources */,
				45C4752826074E7800041785 /* Frameworks */,
				45C4752926074E7800041785 /* Resources */,
			);
			buildRules = (
			);
			dependencies = (
			);
			name = Swift_Calculator_Test;
			productName = Swift_Calculator_Test;
			productReference = 45C4752B26074E7800041785 /* Swift_Calculator_Test.app */;
			productType = "com.apple.product-type.application";
		};
		45C4754026074E7900041785 /* Swift_Calculator_TestTests */ = {
			isa = PBXNativeTarget;
			buildConfigurationList = 45C4755826074E7900041785 /* Build configuration list for PBXNativeTarget "Swift_Calculator_TestTests" */;
			buildPhases = (
				45C4753D26074E7900041785 /* Sources */,
				45C4753E26074E7900041785 /* Frameworks */,
				45C4753F26074E7900041785 /* Resources */,
			);
			buildRules = (
			);
			dependencies = (
				45C4754326074E7900041785 /* PBXTargetDependency */,
			);
			name = Swift_Calculator_TestTests;
			productName = Swift_Calculator_TestTests;
			productReference = 45C4754126074E7900041785 /* Swift_Calculator_TestTests.xctest */;
			productType = "com.apple.product-type.bundle.unit-test";
		};
		45C4754B26074E7900041785 /* Swift_Calculator_TestUITests */ = {
			isa = PBXNativeTarget;
			buildConfigurationList = 45C4755B26074E7900041785 /* Build configuration list for PBXNativeTarget "Swift_Calculator_TestUITests" */;
			buildPhases = (
				45C4754826074E7900041785 /* Sources */,
				45C4754926074E7900041785 /* Frameworks */,
				45C4754A26074E7900041785 /* Resources */,
			);
			buildRules = (
			);
			dependencies = (
				45C4754E26074E7900041785 /* PBXTargetDependency */,
			);
			name = Swift_Calculator_TestUITests;
			productName = Swift_Calculator_TestUITests;
			productReference = 45C4754C26074E7900041785 /* Swift_Calculator_TestUITests.xctest */;
			productType = "com.apple.product-type.bundle.ui-testing";
		};
/* End PBXNativeTarget section */

/* Begin PBXProject section */
		45C4752326074E7800041785 /* Project object */ = {
			isa = PBXProject;
			attributes = {
				LastSwiftUpdateCheck = 1240;
				LastUpgradeCheck = 1240;
				TargetAttributes = {
					45C4752A26074E7800041785 = {
						CreatedOnToolsVersion = 12.4;
					};
					45C4754026074E7900041785 = {
						CreatedOnToolsVersion = 12.4;
						TestTargetID = 45C4752A26074E7800041785;
					};
					45C4754B26074E7900041785 = {
						CreatedOnToolsVersion = 12.4;
						TestTargetID = 45C4752A26074E7800041785;
					};
				};
			};
			buildConfigurationList = 45C4752626074E7800041785 /* Build configuration list for PBXProject "Swift_Calculator_Test" */;
			compatibilityVersion = "Xcode 9.3";
			developmentRegion = en;
			hasScannedForEncodings = 0;
			knownRegions = (
				en,
				Base,
			);
			mainGroup = 45C4752226074E7800041785;
			productRefGroup = 45C4752C26074E7800041785 /* Products */;
			projectDirPath = "";
			projectRoot = "";
			targets = (
				45C4752A26074E7800041785 /* Swift_Calculator_Test */,
				45C4754026074E7900041785 /* Swift_Calculator_TestTests */,
				45C4754B26074E7900041785 /* Swift_Calculator_TestUITests */,
			);
		};
/* End PBXProject section */

/* Begin PBXResourcesBuildPhase section */
		45C4752926074E7800041785 /* Resources */ = {
			isa = PBXResourcesBuildPhase;
			buildActionMask = 2147483647;
			files = (
				45C4753B26074E7800041785 /* LaunchScreen.storyboard in Resources */,
				45C4753826074E7800041785 /* Assets.xcassets in Resources */,
				45C4753626074E7800041785 /* Main.storyboard in Resources */,
			);
			runOnlyForDeploymentPostprocessing = 0;
		};
		45C4753F26074E7900041785 /* Resources */ = {
			isa = PBXResourcesBuildPhase;
			buildActionMask = 2147483647;
			files = (
			);
			runOnlyForDeploymentPostprocessing = 0;
		};
		45C4754A26074E7900041785 /* Resources */ = {
			isa = PBXResourcesBuildPhase;
			buildActionMask = 2147483647;
			files = (
			);
			runOnlyForDeploymentPostprocessing = 0;
		};
/* End PBXResourcesBuildPhase section */

/* Begin PBXSourcesBuildPhase section */
		45C4752726074E7800041785 /* Sources */ = {
			isa = PBXSourcesBuildPhase;
			buildActionMask = 2147483647;
			files = (
				45C4753326074E7800041785 /* ViewController.swift in Sources */,
				45C4752F26074E7800041785 /* AppDelegate.swift in Sources */,
				45C4753126074E7800041785 /* SceneDelegate.swift in Sources */,
			);
			runOnlyForDeploymentPostprocessing = 0;
		};
		45C4753D26074E7900041785 /* Sources */ = {
			isa = PBXSourcesBuildPhase;
			buildActionMask = 2147483647;
			files = (
				45C4754626074E7900041785 /* Swift_Calculator_TestTests.swift in Sources */,
			);
			runOnlyForDeploymentPostprocessing = 0;
		};
		45C4754826074E7900041785 /* Sources */ = {
			isa = PBXSourcesBuildPhase;
			buildActionMask = 2147483647;
			files = (
				45C4755126074E7900041785 /* Swift_Calculator_TestUITests.swift in Sources */,
			);
			runOnlyForDeploymentPostprocessing = 0;
		};
/* End PBXSourcesBuildPhase section */

/* Begin PBXTargetDependency section */
		45C4754326074E7900041785 /* PBXTargetDependency */ = {
			isa = PBXTargetDependency;
			target = 45C4752A26074E7800041785 /* Swift_Calculator_Test */;
			targetProxy = 45C4754226074E7900041785 /* PBXContainerItemProxy */;
		};
		45C4754E26074E7900041785 /* PBXTargetDependency */ = {
			isa = PBXTargetDependency;
			target = 45C4752A26074E7800041785 /* Swift_Calculator_Test */;
			targetProxy = 45C4754D26074E7900041785 /* PBXContainerItemProxy */;
		};
/* End PBXTargetDependency section */

/* Begin PBXVariantGroup section */
		45C4753426074E7800041785 /* Main.storyboard */ = {
			isa = PBXVariantGroup;
			children = (
				45C4753526074E7800041785 /* Base */,
			);
			name = Main.storyboard;
			sourceTree = "<group>";
		};
		45C4753926074E7800041785 /* LaunchScreen.storyboard */ = {
			isa = PBXVariantGroup;
			children = (
				45C4753A26074E7800041785 /* Base */,
			);
			name = LaunchScreen.storyboard;
			sourceTree = "<group>";
		};
/* End PBXVariantGroup section */

/* Begin XCBuildConfiguration section */
		45C4755326074E7900041785 /* Debug */ = {
			isa = XCBuildConfiguration;
			buildSettings = {
				ALWAYS_SEARCH_USER_PATHS = NO;
				CLANG_ANALYZER_NONNULL = YES;
				CLANG_ANALYZER_NUMBER_OBJECT_CONVERSION = YES_AGGRESSIVE;
				CLANG_CXX_LANGUAGE_STANDARD = "gnu++14";
				CLANG_CXX_LIBRARY = "libc++";
				CLANG_ENABLE_MODULES = YES;
				CLANG_ENABLE_OBJC_ARC = YES;
				CLANG_ENABLE_OBJC_WEAK = YES;
				CLANG_WARN_BLOCK_CAPTURE_AUTORELEASING = YES;
				CLANG_WARN_BOOL_CONVERSION = YES;
				CLANG_WARN_COMMA = YES;
				CLANG_WARN_CONSTANT_CONVERSION = YES;
				CLANG_WARN_DEPRECATED_OBJC_IMPLEMENTATIONS = YES;
				CLANG_WARN_DIRECT_OBJC_ISA_USAGE = YES_ERROR;
				CLANG_WARN_DOCUMENTATION_COMMENTS = YES;
				CLANG_WARN_EMPTY_BODY = YES;
				CLANG_WARN_ENUM_CONVERSION = YES;
				CLANG_WARN_INFINITE_RECURSION = YES;
				CLANG_WARN_INT_CONVERSION = YES;
				CLANG_WARN_NON_LITERAL_NULL_CONVERSION = YES;
				CLANG_WARN_OBJC_IMPLICIT_RETAIN_SELF = YES;
				CLANG_WARN_OBJC_LITERAL_CONVERSION = YES;
				CLANG_WARN_OBJC_ROOT_CLASS = YES_ERROR;
				CLANG_WARN_QUOTED_INCLUDE_IN_FRAMEWORK_HEADER = YES;
				CLANG_WARN_RANGE_LOOP_ANALYSIS = YES;
				CLANG_WARN_STRICT_PROTOTYPES = YES;
				CLANG_WARN_SUSPICIOUS_MOVE = YES;
				CLANG_WARN_UNGUARDED_AVAILABILITY = YES_AGGRESSIVE;
				CLANG_WARN_UNREACHABLE_CODE = YES;
				CLANG_WARN__DUPLICATE_METHOD_MATCH = YES;
				COPY_PHASE_STRIP = NO;
				DEBUG_INFORMATION_FORMAT = dwarf;
				ENABLE_STRICT_OBJC_MSGSEND = YES;
				ENABLE_TESTABILITY = YES;
				GCC_C_LANGUAGE_STANDARD = gnu11;
				GCC_DYNAMIC_NO_PIC = NO;
				GCC_NO_COMMON_BLOCKS = YES;
				GCC_OPTIMIZATION_LEVEL = 0;
				GCC_PREPROCESSOR_DEFINITIONS = (
					"DEBUG=1",
					"$(inherited)",
				);
				GCC_WARN_64_TO_32_BIT_CONVERSION = YES;
				GCC_WARN_ABOUT_RETURN_TYPE = YES_ERROR;
				GCC_WARN_UNDECLARED_SELECTOR = YES;
				GCC_WARN_UNINITIALIZED_AUTOS = YES_AGGRESSIVE;
				GCC_WARN_UNUSED_FUNCTION = YES;
				GCC_WARN_UNUSED_VARIABLE = YES;
				IPHONEOS_DEPLOYMENT_TARGET = 14.4;
				MTL_ENABLE_DEBUG_INFO = INCLUDE_SOURCE;
				MTL_FAST_MATH = YES;
				ONLY_ACTIVE_ARCH = YES;
				SDKROOT = iphoneos;
				SWIFT_ACTIVE_COMPILATION_CONDITIONS = DEBUG;
				SWIFT_OPTIMIZATION_LEVEL = "-Onone";
			};
			name = Debug;
		};
		45C4755426074E7900041785 /* Release */ = {
			isa = XCBuildConfiguration;
			buildSettings = {
				ALWAYS_SEARCH_USER_PATHS = NO;
				CLANG_ANALYZER_NONNULL = YES;
				CLANG_ANALYZER_NUMBER_OBJECT_CONVERSION = YES_AGGRESSIVE;
				CLANG_CXX_LANGUAGE_STANDARD = "gnu++14";
				CLANG_CXX_LIBRARY = "libc++";
				CLANG_ENABLE_MODULES = YES;
				CLANG_ENABLE_OBJC_ARC = YES;
				CLANG_ENABLE_OBJC_WEAK = YES;
				CLANG_WARN_BLOCK_CAPTURE_AUTORELEASING = YES;
				CLANG_WARN_BOOL_CONVERSION = YES;
				CLANG_WARN_COMMA = YES;
				CLANG_WARN_CONSTANT_CONVERSION = YES;
				CLANG_WARN_DEPRECATED_OBJC_IMPLEMENTATIONS = YES;
				CLANG_WARN_DIRECT_OBJC_ISA_USAGE = YES_ERROR;
				CLANG_WARN_DOCUMENTATION_COMMENTS = YES;
				CLANG_WARN_EMPTY_BODY = YES;
				CLANG_WARN_ENUM_CONVERSION = YES;
				CLANG_WARN_INFINITE_RECURSION = YES;
				CLANG_WARN_INT_CONVERSION = YES;
				CLANG_WARN_NON_LITERAL_NULL_CONVERSION = YES;
				CLANG_WARN_OBJC_IMPLICIT_RETAIN_SELF = YES;
				CLANG_WARN_OBJC_LITERAL_CONVERSION = YES;
				CLANG_WARN_OBJC_ROOT_CLASS = YES_ERROR;
				CLANG_WARN_QUOTED_INCLUDE_IN_FRAMEWORK_HEADER = YES;
				CLANG_WARN_RANGE_LOOP_ANALYSIS = YES;
				CLANG_WARN_STRICT_PROTOTYPES = YES;
				CLANG_WARN_SUSPICIOUS_MOVE = YES;
				CLANG_WARN_UNGUARDED_AVAILABILITY = YES_AGGRESSIVE;
				CLANG_WARN_UNREACHABLE_CODE = YES;
				CLANG_WARN__DUPLICATE_METHOD_MATCH = YES;
				COPY_PHASE_STRIP = NO;
				DEBUG_INFORMATION_FORMAT = "dwarf-with-dsym";
				ENABLE_NS_ASSERTIONS = NO;
				ENABLE_STRICT_OBJC_MSGSEND = YES;
				GCC_C_LANGUAGE_STANDARD = gnu11;
				GCC_NO_COMMON_BLOCKS = YES;
				GCC_WARN_64_TO_32_BIT_CONVERSION = YES;
				GCC_WARN_ABOUT_RETURN_TYPE = YES_ERROR;
				GCC_WARN_UNDECLARED_SELECTOR = YES;
				GCC_WARN_UNINITIALIZED_AUTOS = YES_AGGRESSIVE;
				GCC_WARN_UNUSED_FUNCTION = YES;
				GCC_WARN_UNUSED_VARIABLE = YES;
				IPHONEOS_DEPLOYMENT_TARGET = 14.4;
				MTL_ENABLE_DEBUG_INFO = NO;
				MTL_FAST_MATH = YES;
				SDKROOT = iphoneos;
				SWIFT_COMPILATION_MODE = wholemodule;
				SWIFT_OPTIMIZATION_LEVEL = "-O";
				VALIDATE_PRODUCT = YES;
			};
			name = Release;
		};
		45C4755626074E7900041785 /* Debug */ = {
			isa = XCBuildConfiguration;
			buildSettings = {
				ASSETCATALOG_COMPILER_APPICON_NAME = AppIcon;
				ASSETCATALOG_COMPILER_GLOBAL_ACCENT_COLOR_NAME = AccentColor;
				CODE_SIGN_STYLE = Automatic;
				DEVELOPMENT_TEAM = GUHPQDWLGB;
				INFOPLIST_FILE = Swift_Calculator_Test/Info.plist;
				LD_RUNPATH_SEARCH_PATHS = (
					"$(inherited)",
					"@executable_path/Frameworks",
				);
				PRODUCT_BUNDLE_IDENTIFIER = "com.jin0yoon.Swift-Calculator-Test";
				PRODUCT_NAME = "$(TARGET_NAME)";
				SWIFT_VERSION = 5.0;
				TARGETED_DEVICE_FAMILY = "1,2";
			};
			name = Debug;
		};
		45C4755726074E7900041785 /* Release */ = {
			isa = XCBuildConfiguration;
			buildSettings = {
				ASSETCATALOG_COMPILER_APPICON_NAME = AppIcon;
				ASSETCATALOG_COMPILER_GLOBAL_ACCENT_COLOR_NAME = AccentColor;
				CODE_SIGN_STYLE = Automatic;
				DEVELOPMENT_TEAM = GUHPQDWLGB;
				INFOPLIST_FILE = Swift_Calculator_Test/Info.plist;
				LD_RUNPATH_SEARCH_PATHS = (
					"$(inherited)",
					"@executable_path/Frameworks",
				);
				PRODUCT_BUNDLE_IDENTIFIER = "com.jin0yoon.Swift-Calculator-Test";
				PRODUCT_NAME = "$(TARGET_NAME)";
				SWIFT_VERSION = 5.0;
				TARGETED_DEVICE_FAMILY = "1,2";
			};
			name = Release;
		};
		45C4755926074E7900041785 /* Debug */ = {
			isa = XCBuildConfiguration;
			buildSettings = {
				ALWAYS_EMBED_SWIFT_STANDARD_LIBRARIES = YES;
				BUNDLE_LOADER = "$(TEST_HOST)";
				CODE_SIGN_STYLE = Automatic;
				DEVELOPMENT_TEAM = GUHPQDWLGB;
				INFOPLIST_FILE = Swift_Calculator_TestTests/Info.plist;
				IPHONEOS_DEPLOYMENT_TARGET = 14.4;
				LD_RUNPATH_SEARCH_PATHS = (
					"$(inherited)",
					"@executable_path/Frameworks",
					"@loader_path/Frameworks",
				);
				PRODUCT_BUNDLE_IDENTIFIER = "com.jin0yoon.Swift-Calculator-TestTests";
				PRODUCT_NAME = "$(TARGET_NAME)";
				SWIFT_VERSION = 5.0;
				TARGETED_DEVICE_FAMILY = "1,2";
				TEST_HOST = "$(BUILT_PRODUCTS_DIR)/Swift_Calculator_Test.app/Swift_Calculator_Test";
			};
			name = Debug;
		};
		45C4755A26074E7900041785 /* Release */ = {
			isa = XCBuildConfiguration;
			buildSettings = {
				ALWAYS_EMBED_SWIFT_STANDARD_LIBRARIES = YES;
				BUNDLE_LOADER = "$(TEST_HOST)";
				CODE_SIGN_STYLE = Automatic;
				DEVELOPMENT_TEAM = GUHPQDWLGB;
				INFOPLIST_FILE = Swift_Calculator_TestTests/Info.plist;
				IPHONEOS_DEPLOYMENT_TARGET = 14.4;
				LD_RUNPATH_SEARCH_PATHS = (
					"$(inherited)",
					"@executable_path/Frameworks",
					"@loader_path/Frameworks",
				);
				PRODUCT_BUNDLE_IDENTIFIER = "com.jin0yoon.Swift-Calculator-TestTests";
				PRODUCT_NAME = "$(TARGET_NAME)";
				SWIFT_VERSION = 5.0;
				TARGETED_DEVICE_FAMILY = "1,2";
				TEST_HOST = "$(BUILT_PRODUCTS_DIR)/Swift_Calculator_Test.app/Swift_Calculator_Test";
			};
			name = Release;
		};
		45C4755C26074E7900041785 /* Debug */ = {
			isa = XCBuildConfiguration;
			buildSettings = {
				ALWAYS_EMBED_SWIFT_STANDARD_LIBRARIES = YES;
				CODE_SIGN_STYLE = Automatic;
				DEVELOPMENT_TEAM = GUHPQDWLGB;
				INFOPLIST_FILE = Swift_Calculator_TestUITests/Info.plist;
				LD_RUNPATH_SEARCH_PATHS = (
					"$(inherited)",
					"@executable_path/Frameworks",
					"@loader_path/Frameworks",
				);
				PRODUCT_BUNDLE_IDENTIFIER = "com.jin0yoon.Swift-Calculator-TestUITests";
				PRODUCT_NAME = "$(TARGET_NAME)";
				SWIFT_VERSION = 5.0;
				TARGETED_DEVICE_FAMILY = "1,2";
				TEST_TARGET_NAME = Swift_Calculator_Test;
			};
			name = Debug;
		};
		45C4755D26074E7900041785 /* Release */ = {
			isa = XCBuildConfiguration;
			buildSettings = {
				ALWAYS_EMBED_SWIFT_STANDARD_LIBRARIES = YES;
				CODE_SIGN_STYLE = Automatic;
				DEVELOPMENT_TEAM = GUHPQDWLGB;
				INFOPLIST_FILE = Swift_Calculator_TestUITests/Info.plist;
				LD_RUNPATH_SEARCH_PATHS = (
					"$(inherited)",
					"@executable_path/Frameworks",
					"@loader_path/Frameworks",
				);
				PRODUCT_BUNDLE_IDENTIFIER = "com.jin0yoon.Swift-Calculator-TestUITests";
				PRODUCT_NAME = "$(TARGET_NAME)";
				SWIFT_VERSION = 5.0;
				TARGETED_DEVICE_FAMILY = "1,2";
				TEST_TARGET_NAME = Swift_Calculator_Test;
			};
			name = Release;
		};
/* End XCBuildConfiguration section */

/* Begin XCConfigurationList section */
		45C4752626074E7800041785 /* Build configuration list for PBXProject "Swift_Calculator_Test" */ = {
			isa = XCConfigurationList;
			buildConfigurations = (
				45C4755326074E7900041785 /* Debug */,
				45C4755426074E7900041785 /* Release */,
			);
			defaultConfigurationIsVisible = 0;
			defaultConfigurationName = Release;
		};
		45C4755526074E7900041785 /* Build configuration list for PBXNativeTarget "Swift_Calculator_Test" */ = {
			isa = XCConfigurationList;
			buildConfigurations = (
				45C4755626074E7900041785 /* Debug */,
				45C4755726074E7900041785 /* Release */,
			);
			defaultConfigurationIsVisible = 0;
			defaultConfigurationName = Release;
		};
		45C4755826074E7900041785 /* Build configuration list for PBXNativeTarget "Swift_Calculator_TestTests" */ = {
			isa = XCConfigurationList;
			buildConfigurations = (
				45C4755926074E7900041785 /* Debug */,
				45C4755A26074E7900041785 /* Release */,
			);
			defaultConfigurationIsVisible = 0;
			defaultConfigurationName = Release;
		};
		45C4755B26074E7900041785 /* Build configuration list for PBXNativeTarget "Swift_Calculator_TestUITests" */ = {
			isa = XCConfigurationList;
			buildConfigurations = (
				45C4755C26074E7900041785 /* Debug */,
				45C4755D26074E7900041785 /* Release */,
			);
			defaultConfigurationIsVisible = 0;
			defaultConfigurationName = Release;
		};
/* End XCConfigurationList section */
	};
	rootObject = 45C4752326074E7800041785 /* Project object */;
}
