// !$*UTF8*$!
{
	archiveVersion = 1;
	classes = {
	};
	objectVersion = 50;
	objects = {

/* Begin PBXBuildFile section */
		45E93FF3255AACCA00745616 /* buildnetflixApp.swift in Sources */ = {isa = PBXBuildFile; fileRef = 45E93FF2255AACCA00745616 /* buildnetflixApp.swift */; };
		45E93FF5255AACCA00745616 /* ContentView.swift in Sources */ = {isa = PBXBuildFile; fileRef = 45E93FF4255AACCA00745616 /* ContentView.swift */; };
		45E93FF7255AACCB00745616 /* Assets.xcassets in Resources */ = {isa = PBXBuildFile; fileRef = 45E93FF6255AACCB00745616 /* Assets.xcassets */; };
		45E93FFA255AACCB00745616 /* Preview Assets.xcassets in Resources */ = {isa = PBXBuildFile; fileRef = 45E93FF9255AACCB00745616 /* Preview Assets.xcassets */; };
		45E94056255AB8DB00745616 /* HomeView.swift in Sources */ = {isa = PBXBuildFile; fileRef = 45E94055255AB8DB00745616 /* HomeView.swift */; };
		45E94064255BA22900745616 /* iOSApp.swift in Sources */ = {isa = PBXBuildFile; fileRef = 45E94063255BA22900745616 /* iOSApp.swift */; };
		45E94066255BA22900745616 /* ContentView.swift in Sources */ = {isa = PBXBuildFile; fileRef = 45E94065255BA22900745616 /* ContentView.swift */; };
		45E94068255BA22B00745616 /* Assets.xcassets in Resources */ = {isa = PBXBuildFile; fileRef = 45E94067255BA22B00745616 /* Assets.xcassets */; };
		45E9406B255BA22B00745616 /* Preview Assets.xcassets in Resources */ = {isa = PBXBuildFile; fileRef = 45E9406A255BA22B00745616 /* Preview Assets.xcassets */; };
/* End PBXBuildFile section */

/* Begin PBXFileReference section */
		45E93FEF255AACCA00745616 /* buildnetflix.app */ = {isa = PBXFileReference; explicitFileType = wrapper.application; includeInIndex = 0; path = buildnetflix.app; sourceTree = BUILT_PRODUCTS_DIR; };
		45E93FF2255AACCA00745616 /* buildnetflixApp.swift */ = {isa = PBXFileReference; lastKnownFileType = sourcecode.swift; path = buildnetflixApp.swift; sourceTree = "<group>"; };
		45E93FF4255AACCA00745616 /* ContentView.swift */ = {isa = PBXFileReference; lastKnownFileType = sourcecode.swift; path = ContentView.swift; sourceTree = "<group>"; };
		45E93FF6255AACCB00745616 /* Assets.xcassets */ = {isa = PBXFileReference; lastKnownFileType = folder.assetcatalog; path = Assets.xcassets; sourceTree = "<group>"; };
		45E93FF9255AACCB00745616 /* Preview Assets.xcassets */ = {isa = PBXFileReference; lastKnownFileType = folder.assetcatalog; path = "Preview Assets.xcassets"; sourceTree = "<group>"; };
		45E93FFB255AACCB00745616 /* Info.plist */ = {isa = PBXFileReference; lastKnownFileType = text.plist.xml; path = Info.plist; sourceTree = "<group>"; };
		45E94055255AB8DB00745616 /* HomeView.swift */ = {isa = PBXFileReference; lastKnownFileType = sourcecode.swift; path = HomeView.swift; sourceTree = "<group>"; };
		45E94061255BA22900745616 /* iOS.app */ = {isa = PBXFileReference; explicitFileType = wrapper.application; includeInIndex = 0; path = iOS.app; sourceTree = BUILT_PRODUCTS_DIR; };
		45E94063255BA22900745616 /* iOSApp.swift */ = {isa = PBXFileReference; lastKnownFileType = sourcecode.swift; path = iOSApp.swift; sourceTree = "<group>"; };
		45E94065255BA22900745616 /* ContentView.swift */ = {isa = PBXFileReference; lastKnownFileType = sourcecode.swift; path = ContentView.swift; sourceTree = "<group>"; };
		45E94067255BA22B00745616 /* Assets.xcassets */ = {isa = PBXFileReference; lastKnownFileType = folder.assetcatalog; path = Assets.xcassets; sourceTree = "<group>"; };
		45E9406A255BA22B00745616 /* Preview Assets.xcassets */ = {isa = PBXFileReference; lastKnownFileType = folder.assetcatalog; path = "Preview Assets.xcassets"; sourceTree = "<group>"; };
		45E9406C255BA22B00745616 /* Info.plist */ = {isa = PBXFileReference; lastKnownFileType = text.plist.xml; path = Info.plist; sourceTree = "<group>"; };
/* End PBXFileReference section */

/* Begin PBXFrameworksBuildPhase section */
		45E93FEC255AACCA00745616 /* Frameworks */ = {
			isa = PBXFrameworksBuildPhase;
			buildActionMask = 2147483647;
			files = (
			);
			runOnlyForDeploymentPostprocessing = 0;
		};
		45E9405E255BA22900745616 /* Frameworks */ = {
			isa = PBXFrameworksBuildPhase;
			buildActionMask = 2147483647;
			files = (
			);
			runOnlyForDeploymentPostprocessing = 0;
		};
/* End PBXFrameworksBuildPhase section */

/* Begin PBXGroup section */
		45E93FE6255AACCA00745616 = {
			isa = PBXGroup;
			children = (
				45E93FF1255AACCA00745616 /* buildnetflix */,
				45E94062255BA22900745616 /* iOS */,
				45E93FF0255AACCA00745616 /* Products */,
			);
			sourceTree = "<group>";
		};
		45E93FF0255AACCA00745616 /* Products */ = {
			isa = PBXGroup;
			children = (
				45E93FEF255AACCA00745616 /* buildnetflix.app */,
				45E94061255BA22900745616 /* iOS.app */,
			);
			name = Products;
			sourceTree = "<group>";
		};
		45E93FF1255AACCA00745616 /* buildnetflix */ = {
			isa = PBXGroup;
			children = (
				45E94058255AB8E100745616 /* Home */,
				45E93FF2255AACCA00745616 /* buildnetflixApp.swift */,
				45E93FF4255AACCA00745616 /* ContentView.swift */,
				45E93FF6255AACCB00745616 /* Assets.xcassets */,
				45E93FFB255AACCB00745616 /* Info.plist */,
				45E93FF8255AACCB00745616 /* Preview Content */,
			);
			path = buildnetflix;
			sourceTree = "<group>";
		};
		45E93FF8255AACCB00745616 /* Preview Content */ = {
			isa = PBXGroup;
			children = (
				45E93FF9255AACCB00745616 /* Preview Assets.xcassets */,
			);
			path = "Preview Content";
			sourceTree = "<group>";
		};
		45E94058255AB8E100745616 /* Home */ = {
			isa = PBXGroup;
			children = (
				45E94055255AB8DB00745616 /* HomeView.swift */,
			);
			path = Home;
			sourceTree = "<group>";
		};
		45E94062255BA22900745616 /* iOS */ = {
			isa = PBXGroup;
			children = (
				45E94063255BA22900745616 /* iOSApp.swift */,
				45E94065255BA22900745616 /* ContentView.swift */,
				45E94067255BA22B00745616 /* Assets.xcassets */,
				45E9406C255BA22B00745616 /* Info.plist */,
				45E94069255BA22B00745616 /* Preview Content */,
			);
			path = iOS;
			sourceTree = "<group>";
		};
		45E94069255BA22B00745616 /* Preview Content */ = {
			isa = PBXGroup;
			children = (
				45E9406A255BA22B00745616 /* Preview Assets.xcassets */,
			);
			path = "Preview Content";
			sourceTree = "<group>";
		};
/* End PBXGroup section */

/* Begin PBXNativeTarget section */
		45E93FEE255AACCA00745616 /* buildnetflix */ = {
			isa = PBXNativeTarget;
			buildConfigurationList = 45E93FFE255AACCB00745616 /* Build configuration list for PBXNativeTarget "buildnetflix" */;
			buildPhases = (
				45E93FEB255AACCA00745616 /* Sources */,
				45E93FEC255AACCA00745616 /* Frameworks */,
				45E93FED255AACCA00745616 /* Resources */,
			);
			buildRules = (
			);
			dependencies = (
			);
			name = buildnetflix;
			productName = buildnetflix;
			productReference = 45E93FEF255AACCA00745616 /* buildnetflix.app */;
			productType = "com.apple.product-type.application";
		};
		45E94060255BA22900745616 /* iOS */ = {
			isa = PBXNativeTarget;
			buildConfigurationList = 45E9406D255BA22B00745616 /* Build configuration list for PBXNativeTarget "iOS" */;
			buildPhases = (
				45E9405D255BA22900745616 /* Sources */,
				45E9405E255BA22900745616 /* Frameworks */,
				45E9405F255BA22900745616 /* Resources */,
			);
			buildRules = (
			);
			dependencies = (
			);
			name = iOS;
			productName = iOS;
			productReference = 45E94061255BA22900745616 /* iOS.app */;
			productType = "com.apple.product-type.application";
		};
/* End PBXNativeTarget section */

/* Begin PBXProject section */
		45E93FE7255AACCA00745616 /* Project object */ = {
			isa = PBXProject;
			attributes = {
				LastSwiftUpdateCheck = 1210;
				LastUpgradeCheck = 1210;
				TargetAttributes = {
					45E93FEE255AACCA00745616 = {
						CreatedOnToolsVersion = 12.1;
					};
					45E94060255BA22900745616 = {
						CreatedOnToolsVersion = 12.1;
					};
				};
			};
			buildConfigurationList = 45E93FEA255AACCA00745616 /* Build configuration list for PBXProject "buildnetflix" */;
			compatibilityVersion = "Xcode 9.3";
			developmentRegion = en;
			hasScannedForEncodings = 0;
			knownRegions = (
				en,
				Base,
			);
			mainGroup = 45E93FE6255AACCA00745616;
			productRefGroup = 45E93FF0255AACCA00745616 /* Products */;
			projectDirPath = "";
			projectRoot = "";
			targets = (
				45E93FEE255AACCA00745616 /* buildnetflix */,
				45E94060255BA22900745616 /* iOS */,
			);
		};
/* End PBXProject section */

/* Begin PBXResourcesBuildPhase section */
		45E93FED255AACCA00745616 /* Resources */ = {
			isa = PBXResourcesBuildPhase;
			buildActionMask = 2147483647;
			files = (
				45E93FFA255AACCB00745616 /* Preview Assets.xcassets in Resources */,
				45E93FF7255AACCB00745616 /* Assets.xcassets in Resources */,
			);
			runOnlyForDeploymentPostprocessing = 0;
		};
		45E9405F255BA22900745616 /* Resources */ = {
			isa = PBXResourcesBuildPhase;
			buildActionMask = 2147483647;
			files = (
				45E9406B255BA22B00745616 /* Preview Assets.xcassets in Resources */,
				45E94068255BA22B00745616 /* Assets.xcassets in Resources */,
			);
			runOnlyForDeploymentPostprocessing = 0;
		};
/* End PBXResourcesBuildPhase section */

/* Begin PBXSourcesBuildPhase section */
		45E93FEB255AACCA00745616 /* Sources */ = {
			isa = PBXSourcesBuildPhase;
			buildActionMask = 2147483647;
			files = (
				45E94056255AB8DB00745616 /* HomeView.swift in Sources */,
				45E93FF5255AACCA00745616 /* ContentView.swift in Sources */,
				45E93FF3255AACCA00745616 /* buildnetflixApp.swift in Sources */,
			);
			runOnlyForDeploymentPostprocessing = 0;
		};
		45E9405D255BA22900745616 /* Sources */ = {
			isa = PBXSourcesBuildPhase;
			buildActionMask = 2147483647;
			files = (
				45E94066255BA22900745616 /* ContentView.swift in Sources */,
				45E94064255BA22900745616 /* iOSApp.swift in Sources */,
			);
			runOnlyForDeploymentPostprocessing = 0;
		};
/* End PBXSourcesBuildPhase section */

/* Begin XCBuildConfiguration section */
		45E93FFC255AACCB00745616 /* Debug */ = {
			isa = XCBuildConfiguration;
			buildSettings = {
				ALWAYS_SEARCH_USER_PATHS = NO;
				CLANG_ANALYZER_NONNULL = YES;
				CLANG_ANALYZER_NUMBER_OBJECT_CONVERSION = YES_AGGRESSIVE;
				CLANG_CXX_LANGUAGE_STANDARD = "gnu++14";
				CLANG_CXX_LIBRARY = "libc++";
				CLANG_ENABLE_MODULES = YES;
				CLANG_ENABLE_OBJC_ARC = YES;
				CLANG_ENABLE_OBJC_WEAK = YES;
				CLANG_WARN_BLOCK_CAPTURE_AUTORELEASING = YES;
				CLANG_WARN_BOOL_CONVERSION = YES;
				CLANG_WARN_COMMA = YES;
				CLANG_WARN_CONSTANT_CONVERSION = YES;
				CLANG_WARN_DEPRECATED_OBJC_IMPLEMENTATIONS = YES;
				CLANG_WARN_DIRECT_OBJC_ISA_USAGE = YES_ERROR;
				CLANG_WARN_DOCUMENTATION_COMMENTS = YES;
				CLANG_WARN_EMPTY_BODY = YES;
				CLANG_WARN_ENUM_CONVERSION = YES;
				CLANG_WARN_INFINITE_RECURSION = YES;
				CLANG_WARN_INT_CONVERSION = YES;
				CLANG_WARN_NON_LITERAL_NULL_CONVERSION = YES;
				CLANG_WARN_OBJC_IMPLICIT_RETAIN_SELF = YES;
				CLANG_WARN_OBJC_LITERAL_CONVERSION = YES;
				CLANG_WARN_OBJC_ROOT_CLASS = YES_ERROR;
				CLANG_WARN_QUOTED_INCLUDE_IN_FRAMEWORK_HEADER = YES;
				CLANG_WARN_RANGE_LOOP_ANALYSIS = YES;
				CLANG_WARN_STRICT_PROTOTYPES = YES;
				CLANG_WARN_SUSPICIOUS_MOVE = YES;
				CLANG_WARN_UNGUARDED_AVAILABILITY = YES_AGGRESSIVE;
				CLANG_WARN_UNREACHABLE_CODE = YES;
				CLANG_WARN__DUPLICATE_METHOD_MATCH = YES;
				COPY_PHASE_STRIP = NO;
				DEBUG_INFORMATION_FORMAT = dwarf;
				ENABLE_STRICT_OBJC_MSGSEND = YES;
				ENABLE_TESTABILITY = YES;
				GCC_C_LANGUAGE_STANDARD = gnu11;
				GCC_DYNAMIC_NO_PIC = NO;
				GCC_NO_COMMON_BLOCKS = YES;
				GCC_OPTIMIZATION_LEVEL = 0;
				GCC_PREPROCESSOR_DEFINITIONS = (
					"DEBUG=1",
					"$(inherited)",
				);
				GCC_WARN_64_TO_32_BIT_CONVERSION = YES;
				GCC_WARN_ABOUT_RETURN_TYPE = YES_ERROR;
				GCC_WARN_UNDECLARED_SELECTOR = YES;
				GCC_WARN_UNINITIALIZED_AUTOS = YES_AGGRESSIVE;
				GCC_WARN_UNUSED_FUNCTION = YES;
				GCC_WARN_UNUSED_VARIABLE = YES;
				IPHONEOS_DEPLOYMENT_TARGET = 14.1;
				MTL_ENABLE_DEBUG_INFO = INCLUDE_SOURCE;
				MTL_FAST_MATH = YES;
				ONLY_ACTIVE_ARCH = YES;
				SDKROOT = iphoneos;
				SWIFT_ACTIVE_COMPILATION_CONDITIONS = DEBUG;
				SWIFT_OPTIMIZATION_LEVEL = "-Onone";
			};
			name = Debug;
		};
		45E93FFD255AACCB00745616 /* Release */ = {
			isa = XCBuildConfiguration;
			buildSettings = {
				ALWAYS_SEARCH_USER_PATHS = NO;
				CLANG_ANALYZER_NONNULL = YES;
				CLANG_ANALYZER_NUMBER_OBJECT_CONVERSION = YES_AGGRESSIVE;
				CLANG_CXX_LANGUAGE_STANDARD = "gnu++14";
				CLANG_CXX_LIBRARY = "libc++";
				CLANG_ENABLE_MODULES = YES;
				CLANG_ENABLE_OBJC_ARC = YES;
				CLANG_ENABLE_OBJC_WEAK = YES;
				CLANG_WARN_BLOCK_CAPTURE_AUTORELEASING = YES;
				CLANG_WARN_BOOL_CONVERSION = YES;
				CLANG_WARN_COMMA = YES;
				CLANG_WARN_CONSTANT_CONVERSION = YES;
				CLANG_WARN_DEPRECATED_OBJC_IMPLEMENTATIONS = YES;
				CLANG_WARN_DIRECT_OBJC_ISA_USAGE = YES_ERROR;
				CLANG_WARN_DOCUMENTATION_COMMENTS = YES;
				CLANG_WARN_EMPTY_BODY = YES;
				CLANG_WARN_ENUM_CONVERSION = YES;
				CLANG_WARN_INFINITE_RECURSION = YES;
				CLANG_WARN_INT_CONVERSION = YES;
				CLANG_WARN_NON_LITERAL_NULL_CONVERSION = YES;
				CLANG_WARN_OBJC_IMPLICIT_RETAIN_SELF = YES;
				CLANG_WARN_OBJC_LITERAL_CONVERSION = YES;
				CLANG_WARN_OBJC_ROOT_CLASS = YES_ERROR;
				CLANG_WARN_QUOTED_INCLUDE_IN_FRAMEWORK_HEADER = YES;
				CLANG_WARN_RANGE_LOOP_ANALYSIS = YES;
				CLANG_WARN_STRICT_PROTOTYPES = YES;
				CLANG_WARN_SUSPICIOUS_MOVE = YES;
				CLANG_WARN_UNGUARDED_AVAILABILITY = YES_AGGRESSIVE;
				CLANG_WARN_UNREACHABLE_CODE = YES;
				CLANG_WARN__DUPLICATE_METHOD_MATCH = YES;
				COPY_PHASE_STRIP = NO;
				DEBUG_INFORMATION_FORMAT = "dwarf-with-dsym";
				ENABLE_NS_ASSERTIONS = NO;
				ENABLE_STRICT_OBJC_MSGSEND = YES;
				GCC_C_LANGUAGE_STANDARD = gnu11;
				GCC_NO_COMMON_BLOCKS = YES;
				GCC_WARN_64_TO_32_BIT_CONVERSION = YES;
				GCC_WARN_ABOUT_RETURN_TYPE = YES_ERROR;
				GCC_WARN_UNDECLARED_SELECTOR = YES;
				GCC_WARN_UNINITIALIZED_AUTOS = YES_AGGRESSIVE;
				GCC_WARN_UNUSED_FUNCTION = YES;
				GCC_WARN_UNUSED_VARIABLE = YES;
				IPHONEOS_DEPLOYMENT_TARGET = 14.1;
				MTL_ENABLE_DEBUG_INFO = NO;
				MTL_FAST_MATH = YES;
				SDKROOT = iphoneos;
				SWIFT_COMPILATION_MODE = wholemodule;
				SWIFT_OPTIMIZATION_LEVEL = "-O";
				VALIDATE_PRODUCT = YES;
			};
			name = Release;
		};
		45E93FFF255AACCB00745616 /* Debug */ = {
			isa = XCBuildConfiguration;
			buildSettings = {
				ASSETCATALOG_COMPILER_APPICON_NAME = AppIcon;
				ASSETCATALOG_COMPILER_GLOBAL_ACCENT_COLOR_NAME = AccentColor;
				CODE_SIGN_STYLE = Automatic;
				DEVELOPMENT_ASSET_PATHS = "\"buildnetflix/Preview Content\"";
				DEVELOPMENT_TEAM = GUHPQDWLGB;
				ENABLE_PREVIEWS = YES;
				INFOPLIST_FILE = buildnetflix/Info.plist;
				IPHONEOS_DEPLOYMENT_TARGET = 14.0;
				LD_RUNPATH_SEARCH_PATHS = (
					"$(inherited)",
					"@executable_path/Frameworks",
				);
				PRODUCT_BUNDLE_IDENTIFIER = com.jin0yoon.buildnetflix;
				PRODUCT_NAME = "$(TARGET_NAME)";
				SWIFT_VERSION = 5.0;
				TARGETED_DEVICE_FAMILY = "1,2";
			};
			name = Debug;
		};
		45E94000255AACCB00745616 /* Release */ = {
			isa = XCBuildConfiguration;
			buildSettings = {
				ASSETCATALOG_COMPILER_APPICON_NAME = AppIcon;
				ASSETCATALOG_COMPILER_GLOBAL_ACCENT_COLOR_NAME = AccentColor;
				CODE_SIGN_STYLE = Automatic;
				DEVELOPMENT_ASSET_PATHS = "\"buildnetflix/Preview Content\"";
				DEVELOPMENT_TEAM = GUHPQDWLGB;
				ENABLE_PREVIEWS = YES;
				INFOPLIST_FILE = buildnetflix/Info.plist;
				IPHONEOS_DEPLOYMENT_TARGET = 14.0;
				LD_RUNPATH_SEARCH_PATHS = (
					"$(inherited)",
					"@executable_path/Frameworks",
				);
				PRODUCT_BUNDLE_IDENTIFIER = com.jin0yoon.buildnetflix;
				PRODUCT_NAME = "$(TARGET_NAME)";
				SWIFT_VERSION = 5.0;
				TARGETED_DEVICE_FAMILY = "1,2";
			};
			name = Release;
		};
		45E9406E255BA22B00745616 /* Debug */ = {
			isa = XCBuildConfiguration;
			buildSettings = {
				ASSETCATALOG_COMPILER_APPICON_NAME = AppIcon;
				ASSETCATALOG_COMPILER_GLOBAL_ACCENT_COLOR_NAME = AccentColor;
				CODE_SIGN_STYLE = Automatic;
				DEVELOPMENT_ASSET_PATHS = "\"iOS/Preview Content\"";
				DEVELOPMENT_TEAM = GUHPQDWLGB;
				ENABLE_PREVIEWS = YES;
				INFOPLIST_FILE = iOS/Info.plist;
				IPHONEOS_DEPLOYMENT_TARGET = 14.0;
				LD_RUNPATH_SEARCH_PATHS = (
					"$(inherited)",
					"@executable_path/Frameworks",
				);
				PRODUCT_BUNDLE_IDENTIFIER = com.jin0yoon.iOS;
				PRODUCT_NAME = "$(TARGET_NAME)";
				SWIFT_VERSION = 5.0;
				TARGETED_DEVICE_FAMILY = "1,2";
			};
			name = Debug;
		};
		45E9406F255BA22B00745616 /* Release */ = {
			isa = XCBuildConfiguration;
			buildSettings = {
				ASSETCATALOG_COMPILER_APPICON_NAME = AppIcon;
				ASSETCATALOG_COMPILER_GLOBAL_ACCENT_COLOR_NAME = AccentColor;
				CODE_SIGN_STYLE = Automatic;
				DEVELOPMENT_ASSET_PATHS = "\"iOS/Preview Content\"";
				DEVELOPMENT_TEAM = GUHPQDWLGB;
				ENABLE_PREVIEWS = YES;
				INFOPLIST_FILE = iOS/Info.plist;
				IPHONEOS_DEPLOYMENT_TARGET = 14.0;
				LD_RUNPATH_SEARCH_PATHS = (
					"$(inherited)",
					"@executable_path/Frameworks",
				);
				PRODUCT_BUNDLE_IDENTIFIER = com.jin0yoon.iOS;
				PRODUCT_NAME = "$(TARGET_NAME)";
				SWIFT_VERSION = 5.0;
				TARGETED_DEVICE_FAMILY = "1,2";
			};
			name = Release;
		};
/* End XCBuildConfiguration section */

/* Begin XCConfigurationList section */
		45E93FEA255AACCA00745616 /* Build configuration list for PBXProject "buildnetflix" */ = {
			isa = XCConfigurationList;
			buildConfigurations = (
				45E93FFC255AACCB00745616 /* Debug */,
				45E93FFD255AACCB00745616 /* Release */,
			);
			defaultConfigurationIsVisible = 0;
			defaultConfigurationName = Release;
		};
		45E93FFE255AACCB00745616 /* Build configuration list for PBXNativeTarget "buildnetflix" */ = {
			isa = XCConfigurationList;
			buildConfigurations = (
				45E93FFF255AACCB00745616 /* Debug */,
				45E94000255AACCB00745616 /* Release */,
			);
			defaultConfigurationIsVisible = 0;
			defaultConfigurationName = Release;
		};
		45E9406D255BA22B00745616 /* Build configuration list for PBXNativeTarget "iOS" */ = {
			isa = XCConfigurationList;
			buildConfigurations = (
				45E9406E255BA22B00745616 /* Debug */,
				45E9406F255BA22B00745616 /* Release */,
			);
			defaultConfigurationIsVisible = 0;
			defaultConfigurationName = Release;
		};
/* End XCConfigurationList section */
	};
	rootObject = 45E93FE7255AACCA00745616 /* Project object */;
}
