// !$*UTF8*$!
{
	archiveVersion = 1;
	classes = {
	};
	objectVersion = 50;
	objects = {

/* Begin PBXBuildFile section */
		452493A2252C0A2100AAF843 /* SwiftUIStepperTest.swift in Sources */ = {isa = PBXBuildFile; fileRef = 452493A1252C0A2100AAF843 /* SwiftUIStepperTest.swift */; };
		452493A6252C0D4B00AAF843 /* SwiftUINavigarionDetailView.swift in Sources */ = {isa = PBXBuildFile; fileRef = 452493A5252C0D4B00AAF843 /* SwiftUINavigarionDetailView.swift */; };
		452493A9252C20D700AAF843 /* SwiftUITabViewContent1.swift in Sources */ = {isa = PBXBuildFile; fileRef = 452493A8252C20D700AAF843 /* SwiftUITabViewContent1.swift */; };
		452493AD252C20E200AAF843 /* SwiftUITabViewContent2.swift in Sources */ = {isa = PBXBuildFile; fileRef = 452493AC252C20E200AAF843 /* SwiftUITabViewContent2.swift */; };
		4529652D2529E2CB006DDBE8 /* SwiftUITextFieldTest.swift in Sources */ = {isa = PBXBuildFile; fileRef = 4529652C2529E2CB006DDBE8 /* SwiftUITextFieldTest.swift */; };
		452965302529E2E9006DDBE8 /* SwiftUIListTest.swift in Sources */ = {isa = PBXBuildFile; fileRef = 4529652F2529E2E9006DDBE8 /* SwiftUIListTest.swift */; };
		452965332529E377006DDBE8 /* SwiftUIFormTest.swift in Sources */ = {isa = PBXBuildFile; fileRef = 452965322529E377006DDBE8 /* SwiftUIFormTest.swift */; };
		452965362529E385006DDBE8 /* SwiftUIPickerTest.swift in Sources */ = {isa = PBXBuildFile; fileRef = 452965352529E385006DDBE8 /* SwiftUIPickerTest.swift */; };
		452965392529E392006DDBE8 /* SwiftUISliderTest.swift in Sources */ = {isa = PBXBuildFile; fileRef = 452965382529E392006DDBE8 /* SwiftUISliderTest.swift */; };
		4529653C2529E3A2006DDBE8 /* SwiftUINavigationViewTest.swift in Sources */ = {isa = PBXBuildFile; fileRef = 4529653B2529E3A2006DDBE8 /* SwiftUINavigationViewTest.swift */; };
		4529653F2529E3AD006DDBE8 /* SwiftUITabViewTest.swift in Sources */ = {isa = PBXBuildFile; fileRef = 4529653E2529E3AD006DDBE8 /* SwiftUITabViewTest.swift */; };
		452965422529E3B6006DDBE8 /* SwiftUIAlertTest.swift in Sources */ = {isa = PBXBuildFile; fileRef = 452965412529E3B6006DDBE8 /* SwiftUIAlertTest.swift */; };
		452965452529E3C1006DDBE8 /* SwiftUIAcionSheetTest.swift in Sources */ = {isa = PBXBuildFile; fileRef = 452965442529E3C1006DDBE8 /* SwiftUIAcionSheetTest.swift */; };
		452965482529E3CC006DDBE8 /* SwiftUIPreviewTest.swift in Sources */ = {isa = PBXBuildFile; fileRef = 452965472529E3CC006DDBE8 /* SwiftUIPreviewTest.swift */; };
		4529654D2529F1CD006DDBE8 /* SwiftUIDinamicListTest.swift in Sources */ = {isa = PBXBuildFile; fileRef = 4529654C2529F1CD006DDBE8 /* SwiftUIDinamicListTest.swift */; };
		452965502529F23D006DDBE8 /* SwiftUIListDeleteTest.swift in Sources */ = {isa = PBXBuildFile; fileRef = 4529654F2529F23D006DDBE8 /* SwiftUIListDeleteTest.swift */; };
		452965532529F2D7006DDBE8 /* SwiftUIListEditTest.swift in Sources */ = {isa = PBXBuildFile; fileRef = 452965522529F2D7006DDBE8 /* SwiftUIListEditTest.swift */; };
		452965562529F334006DDBE8 /* SwiftUIListSectionGroupTest.swift in Sources */ = {isa = PBXBuildFile; fileRef = 452965552529F334006DDBE8 /* SwiftUIListSectionGroupTest.swift */; };
		4529655B2529F846006DDBE8 /* SwiftUIFormSectionTest.swift in Sources */ = {isa = PBXBuildFile; fileRef = 4529655A2529F846006DDBE8 /* SwiftUIFormSectionTest.swift */; };
		4529655E2529F889006DDBE8 /* SwiftUIFormDisableTest.swift in Sources */ = {isa = PBXBuildFile; fileRef = 4529655D2529F889006DDBE8 /* SwiftUIFormDisableTest.swift */; };
		452965612529F91C006DDBE8 /* SwiftUIFormHideTest.swift in Sources */ = {isa = PBXBuildFile; fileRef = 452965602529F91C006DDBE8 /* SwiftUIFormHideTest.swift */; };
		452965642529F9FE006DDBE8 /* SwiftUIScrollViewTest.swift in Sources */ = {isa = PBXBuildFile; fileRef = 452965632529F9FE006DDBE8 /* SwiftUIScrollViewTest.swift */; };
		45296568252A00FD006DDBE8 /* SwiftUIPickerInFormTest.swift in Sources */ = {isa = PBXBuildFile; fileRef = 45296567252A00FD006DDBE8 /* SwiftUIPickerInFormTest.swift */; };
		452B7C2225287F52001D261E /* SwiftUIViewTest.swift in Sources */ = {isa = PBXBuildFile; fileRef = 452B7C2125287F52001D261E /* SwiftUIViewTest.swift */; };
		452F685525513F48005FD3F7 /* StateTest.swift in Sources */ = {isa = PBXBuildFile; fileRef = 452F685425513F48005FD3F7 /* StateTest.swift */; };
		452F685925513F52005FD3F7 /* BindingTest.swift in Sources */ = {isa = PBXBuildFile; fileRef = 452F685825513F52005FD3F7 /* BindingTest.swift */; };
		452F685C25513F61005FD3F7 /* ObservedObjectTest.swift in Sources */ = {isa = PBXBuildFile; fileRef = 452F685B25513F61005FD3F7 /* ObservedObjectTest.swift */; };
		452F686125514694005FD3F7 /* EnvironmentObjectTest.swift in Sources */ = {isa = PBXBuildFile; fileRef = 452F686025514694005FD3F7 /* EnvironmentObjectTest.swift */; };
		4532415D253EA9EA00AD1199 /* DinamicGridView.swift in Sources */ = {isa = PBXBuildFile; fileRef = 4532415C253EA9EA00AD1199 /* DinamicGridView.swift */; };
		4533B8402592F2D7006B1088 /* GeometryTest.swift in Sources */ = {isa = PBXBuildFile; fileRef = 4533B83F2592F2D7006B1088 /* GeometryTest.swift */; };
		4533B846259312BE006B1088 /* GeometryTest2.swift in Sources */ = {isa = PBXBuildFile; fileRef = 4533B845259312BE006B1088 /* GeometryTest2.swift */; };
		4533B84925931B78006B1088 /* GeometryTest3.swift in Sources */ = {isa = PBXBuildFile; fileRef = 4533B84825931B78006B1088 /* GeometryTest3.swift */; };
		45594E052522F8A2001ADDCC /* SwiftUITestApp.swift in Sources */ = {isa = PBXBuildFile; fileRef = 45594E042522F8A2001ADDCC /* SwiftUITestApp.swift */; };
		45594E072522F8A2001ADDCC /* ContentView.swift in Sources */ = {isa = PBXBuildFile; fileRef = 45594E062522F8A2001ADDCC /* ContentView.swift */; };
		45594E092522F8A2001ADDCC /* Assets.xcassets in Resources */ = {isa = PBXBuildFile; fileRef = 45594E082522F8A2001ADDCC /* Assets.xcassets */; };
		45594E0C2522F8A2001ADDCC /* Preview Assets.xcassets in Resources */ = {isa = PBXBuildFile; fileRef = 45594E0B2522F8A2001ADDCC /* Preview Assets.xcassets */; };
		45594E1925230274001ADDCC /* SwiftUITextTest.swift in Sources */ = {isa = PBXBuildFile; fileRef = 45594E1825230274001ADDCC /* SwiftUITextTest.swift */; };
		45594E1D252302FE001ADDCC /* SwiftUIDateTest.swift in Sources */ = {isa = PBXBuildFile; fileRef = 45594E1C252302FE001ADDCC /* SwiftUIDateTest.swift */; };
		45594E2025230350001ADDCC /* SwiftUIImageTest.swift in Sources */ = {isa = PBXBuildFile; fileRef = 45594E1F25230350001ADDCC /* SwiftUIImageTest.swift */; };
		45666F8C25401ED6000B5516 /* BarChart.swift in Sources */ = {isa = PBXBuildFile; fileRef = 45666F8B25401ED6000B5516 /* BarChart.swift */; };
		456E8BB22527415300B94C90 /* SwiftUIButtonTest.swift in Sources */ = {isa = PBXBuildFile; fileRef = 456E8BB12527415300B94C90 /* SwiftUIButtonTest.swift */; };
		456E8BB62527458F00B94C90 /* SwiftUINavigationLink.swift in Sources */ = {isa = PBXBuildFile; fileRef = 456E8BB52527458F00B94C90 /* SwiftUINavigationLink.swift */; };
		456E8BBA2527476800B94C90 /* SwiftUIToggleSwitchTest.swift in Sources */ = {isa = PBXBuildFile; fileRef = 456E8BB92527476800B94C90 /* SwiftUIToggleSwitchTest.swift */; };
		459D4C16255E252100A121E3 /* BarChart_Clickable.swift in Sources */ = {isa = PBXBuildFile; fileRef = 459D4C15255E252100A121E3 /* BarChart_Clickable.swift */; };
		45AC1775256BBDB300E42AA1 /* ComplexAnimationHome.swift in Sources */ = {isa = PBXBuildFile; fileRef = 45AC1774256BBDB300E42AA1 /* ComplexAnimationHome.swift */; };
		45B4196B259D95FF00173D6C /* GeometryTest4.swift in Sources */ = {isa = PBXBuildFile; fileRef = 45B4196A259D95FF00173D6C /* GeometryTest4.swift */; };
		45F869602577AB6C0006DD03 /* ComplexAnimationContentView.swift in Sources */ = {isa = PBXBuildFile; fileRef = 45F8695F2577AB6C0006DD03 /* ComplexAnimationContentView.swift */; };
		45F869632577AC8A0006DD03 /* TabButton.swift in Sources */ = {isa = PBXBuildFile; fileRef = 45F869622577AC8A0006DD03 /* TabButton.swift */; };
		45F869672577AEF90006DD03 /* Item.swift in Sources */ = {isa = PBXBuildFile; fileRef = 45F869662577AEF90006DD03 /* Item.swift */; };
/* End PBXBuildFile section */

/* Begin PBXFileReference section */
		452493A1252C0A2100AAF843 /* SwiftUIStepperTest.swift */ = {isa = PBXFileReference; lastKnownFileType = sourcecode.swift; path = SwiftUIStepperTest.swift; sourceTree = "<group>"; };
		452493A5252C0D4B00AAF843 /* SwiftUINavigarionDetailView.swift */ = {isa = PBXFileReference; lastKnownFileType = sourcecode.swift; path = SwiftUINavigarionDetailView.swift; sourceTree = "<group>"; };
		452493A8252C20D700AAF843 /* SwiftUITabViewContent1.swift */ = {isa = PBXFileReference; lastKnownFileType = sourcecode.swift; path = SwiftUITabViewContent1.swift; sourceTree = "<group>"; };
		452493AC252C20E200AAF843 /* SwiftUITabViewContent2.swift */ = {isa = PBXFileReference; lastKnownFileType = sourcecode.swift; path = SwiftUITabViewContent2.swift; sourceTree = "<group>"; };
		4529652C2529E2CB006DDBE8 /* SwiftUITextFieldTest.swift */ = {isa = PBXFileReference; lastKnownFileType = sourcecode.swift; path = SwiftUITextFieldTest.swift; sourceTree = "<group>"; };
		4529652F2529E2E9006DDBE8 /* SwiftUIListTest.swift */ = {isa = PBXFileReference; lastKnownFileType = sourcecode.swift; path = SwiftUIListTest.swift; sourceTree = "<group>"; };
		452965322529E377006DDBE8 /* SwiftUIFormTest.swift */ = {isa = PBXFileReference; lastKnownFileType = sourcecode.swift; path = SwiftUIFormTest.swift; sourceTree = "<group>"; };
		452965352529E385006DDBE8 /* SwiftUIPickerTest.swift */ = {isa = PBXFileReference; lastKnownFileType = sourcecode.swift; path = SwiftUIPickerTest.swift; sourceTree = "<group>"; };
		452965382529E392006DDBE8 /* SwiftUISliderTest.swift */ = {isa = PBXFileReference; lastKnownFileType = sourcecode.swift; path = SwiftUISliderTest.swift; sourceTree = "<group>"; };
		4529653B2529E3A2006DDBE8 /* SwiftUINavigationViewTest.swift */ = {isa = PBXFileReference; lastKnownFileType = sourcecode.swift; path = SwiftUINavigationViewTest.swift; sourceTree = "<group>"; };
		4529653E2529E3AD006DDBE8 /* SwiftUITabViewTest.swift */ = {isa = PBXFileReference; lastKnownFileType = sourcecode.swift; path = SwiftUITabViewTest.swift; sourceTree = "<group>"; };
		452965412529E3B6006DDBE8 /* SwiftUIAlertTest.swift */ = {isa = PBXFileReference; lastKnownFileType = sourcecode.swift; path = SwiftUIAlertTest.swift; sourceTree = "<group>"; };
		452965442529E3C1006DDBE8 /* SwiftUIAcionSheetTest.swift */ = {isa = PBXFileReference; lastKnownFileType = sourcecode.swift; path = SwiftUIAcionSheetTest.swift; sourceTree = "<group>"; };
		452965472529E3CC006DDBE8 /* SwiftUIPreviewTest.swift */ = {isa = PBXFileReference; lastKnownFileType = sourcecode.swift; path = SwiftUIPreviewTest.swift; sourceTree = "<group>"; };
		4529654C2529F1CD006DDBE8 /* SwiftUIDinamicListTest.swift */ = {isa = PBXFileReference; lastKnownFileType = sourcecode.swift; path = SwiftUIDinamicListTest.swift; sourceTree = "<group>"; };
		4529654F2529F23D006DDBE8 /* SwiftUIListDeleteTest.swift */ = {isa = PBXFileReference; lastKnownFileType = sourcecode.swift; path = SwiftUIListDeleteTest.swift; sourceTree = "<group>"; };
		452965522529F2D7006DDBE8 /* SwiftUIListEditTest.swift */ = {isa = PBXFileReference; lastKnownFileType = sourcecode.swift; path = SwiftUIListEditTest.swift; sourceTree = "<group>"; };
		452965552529F334006DDBE8 /* SwiftUIListSectionGroupTest.swift */ = {isa = PBXFileReference; lastKnownFileType = sourcecode.swift; path = SwiftUIListSectionGroupTest.swift; sourceTree = "<group>"; };
		4529655A2529F846006DDBE8 /* SwiftUIFormSectionTest.swift */ = {isa = PBXFileReference; lastKnownFileType = sourcecode.swift; path = SwiftUIFormSectionTest.swift; sourceTree = "<group>"; };
		4529655D2529F889006DDBE8 /* SwiftUIFormDisableTest.swift */ = {isa = PBXFileReference; lastKnownFileType = sourcecode.swift; path = SwiftUIFormDisableTest.swift; sourceTree = "<group>"; };
		452965602529F91C006DDBE8 /* SwiftUIFormHideTest.swift */ = {isa = PBXFileReference; lastKnownFileType = sourcecode.swift; path = SwiftUIFormHideTest.swift; sourceTree = "<group>"; };
		452965632529F9FE006DDBE8 /* SwiftUIScrollViewTest.swift */ = {isa = PBXFileReference; lastKnownFileType = sourcecode.swift; path = SwiftUIScrollViewTest.swift; sourceTree = "<group>"; };
		45296567252A00FD006DDBE8 /* SwiftUIPickerInFormTest.swift */ = {isa = PBXFileReference; lastKnownFileType = sourcecode.swift; path = SwiftUIPickerInFormTest.swift; sourceTree = "<group>"; };
		452B7C2125287F52001D261E /* SwiftUIViewTest.swift */ = {isa = PBXFileReference; lastKnownFileType = sourcecode.swift; path = SwiftUIViewTest.swift; sourceTree = "<group>"; };
		452F685425513F48005FD3F7 /* StateTest.swift */ = {isa = PBXFileReference; lastKnownFileType = sourcecode.swift; path = StateTest.swift; sourceTree = "<group>"; };
		452F685825513F52005FD3F7 /* BindingTest.swift */ = {isa = PBXFileReference; lastKnownFileType = sourcecode.swift; path = BindingTest.swift; sourceTree = "<group>"; };
		452F685B25513F61005FD3F7 /* ObservedObjectTest.swift */ = {isa = PBXFileReference; lastKnownFileType = sourcecode.swift; path = ObservedObjectTest.swift; sourceTree = "<group>"; };
		452F686025514694005FD3F7 /* EnvironmentObjectTest.swift */ = {isa = PBXFileReference; lastKnownFileType = sourcecode.swift; path = EnvironmentObjectTest.swift; sourceTree = "<group>"; };
		4532415C253EA9EA00AD1199 /* DinamicGridView.swift */ = {isa = PBXFileReference; lastKnownFileType = sourcecode.swift; path = DinamicGridView.swift; sourceTree = "<group>"; };
		4533B83F2592F2D7006B1088 /* GeometryTest.swift */ = {isa = PBXFileReference; lastKnownFileType = sourcecode.swift; path = GeometryTest.swift; sourceTree = "<group>"; };
		4533B845259312BE006B1088 /* GeometryTest2.swift */ = {isa = PBXFileReference; lastKnownFileType = sourcecode.swift; path = GeometryTest2.swift; sourceTree = "<group>"; };
		4533B84825931B78006B1088 /* GeometryTest3.swift */ = {isa = PBXFileReference; lastKnownFileType = sourcecode.swift; path = GeometryTest3.swift; sourceTree = "<group>"; };
		45594E012522F8A2001ADDCC /* SwiftUITest.app */ = {isa = PBXFileReference; explicitFileType = wrapper.application; includeInIndex = 0; path = SwiftUITest.app; sourceTree = BUILT_PRODUCTS_DIR; };
		45594E042522F8A2001ADDCC /* SwiftUITestApp.swift */ = {isa = PBXFileReference; lastKnownFileType = sourcecode.swift; path = SwiftUITestApp.swift; sourceTree = "<group>"; };
		45594E062522F8A2001ADDCC /* ContentView.swift */ = {isa = PBXFileReference; lastKnownFileType = sourcecode.swift; path = ContentView.swift; sourceTree = "<group>"; };
		45594E082522F8A2001ADDCC /* Assets.xcassets */ = {isa = PBXFileReference; lastKnownFileType = folder.assetcatalog; path = Assets.xcassets; sourceTree = "<group>"; };
		45594E0B2522F8A2001ADDCC /* Preview Assets.xcassets */ = {isa = PBXFileReference; lastKnownFileType = folder.assetcatalog; path = "Preview Assets.xcassets"; sourceTree = "<group>"; };
		45594E0D2522F8A2001ADDCC /* Info.plist */ = {isa = PBXFileReference; lastKnownFileType = text.plist.xml; path = Info.plist; sourceTree = "<group>"; };
		45594E1825230274001ADDCC /* SwiftUITextTest.swift */ = {isa = PBXFileReference; lastKnownFileType = sourcecode.swift; path = SwiftUITextTest.swift; sourceTree = "<group>"; };
		45594E1C252302FE001ADDCC /* SwiftUIDateTest.swift */ = {isa = PBXFileReference; lastKnownFileType = sourcecode.swift; path = SwiftUIDateTest.swift; sourceTree = "<group>"; };
		45594E1F25230350001ADDCC /* SwiftUIImageTest.swift */ = {isa = PBXFileReference; lastKnownFileType = sourcecode.swift; path = SwiftUIImageTest.swift; sourceTree = "<group>"; };
		45666F8B25401ED6000B5516 /* BarChart.swift */ = {isa = PBXFileReference; lastKnownFileType = sourcecode.swift; path = BarChart.swift; sourceTree = "<group>"; };
		456E8BB12527415300B94C90 /* SwiftUIButtonTest.swift */ = {isa = PBXFileReference; lastKnownFileType = sourcecode.swift; path = SwiftUIButtonTest.swift; sourceTree = "<group>"; };
		456E8BB52527458F00B94C90 /* SwiftUINavigationLink.swift */ = {isa = PBXFileReference; lastKnownFileType = sourcecode.swift; path = SwiftUINavigationLink.swift; sourceTree = "<group>"; };
		456E8BB92527476800B94C90 /* SwiftUIToggleSwitchTest.swift */ = {isa = PBXFileReference; lastKnownFileType = sourcecode.swift; path = SwiftUIToggleSwitchTest.swift; sourceTree = "<group>"; };
		459D4C15255E252100A121E3 /* BarChart_Clickable.swift */ = {isa = PBXFileReference; lastKnownFileType = sourcecode.swift; path = BarChart_Clickable.swift; sourceTree = "<group>"; };
		45AC1774256BBDB300E42AA1 /* ComplexAnimationHome.swift */ = {isa = PBXFileReference; lastKnownFileType = sourcecode.swift; path = ComplexAnimationHome.swift; sourceTree = "<group>"; };
		45B4196A259D95FF00173D6C /* GeometryTest4.swift */ = {isa = PBXFileReference; lastKnownFileType = sourcecode.swift; path = GeometryTest4.swift; sourceTree = "<group>"; };
		45F8695F2577AB6C0006DD03 /* ComplexAnimationContentView.swift */ = {isa = PBXFileReference; lastKnownFileType = sourcecode.swift; path = ComplexAnimationContentView.swift; sourceTree = "<group>"; };
		45F869622577AC8A0006DD03 /* TabButton.swift */ = {isa = PBXFileReference; lastKnownFileType = sourcecode.swift; path = TabButton.swift; sourceTree = "<group>"; };
		45F869662577AEF90006DD03 /* Item.swift */ = {isa = PBXFileReference; lastKnownFileType = sourcecode.swift; path = Item.swift; sourceTree = "<group>"; };
/* End PBXFileReference section */

/* Begin PBXFrameworksBuildPhase section */
		45594DFE2522F8A2001ADDCC /* Frameworks */ = {
			isa = PBXFrameworksBuildPhase;
			buildActionMask = 2147483647;
			files = (
			);
			runOnlyForDeploymentPostprocessing = 0;
		};
/* End PBXFrameworksBuildPhase section */

/* Begin PBXGroup section */
		452F685325513F27005FD3F7 /* DataBinding */ = {
			isa = PBXGroup;
			children = (
				452F685425513F48005FD3F7 /* StateTest.swift */,
				452F685825513F52005FD3F7 /* BindingTest.swift */,
				452F685B25513F61005FD3F7 /* ObservedObjectTest.swift */,
				452F686025514694005FD3F7 /* EnvironmentObjectTest.swift */,
			);
			path = DataBinding;
			sourceTree = "<group>";
		};
		4532415A253EA97900AD1199 /* basic */ = {
			isa = PBXGroup;
			children = (
				45594E062522F8A2001ADDCC /* ContentView.swift */,
				45594E1825230274001ADDCC /* SwiftUITextTest.swift */,
				45594E1C252302FE001ADDCC /* SwiftUIDateTest.swift */,
				45594E1F25230350001ADDCC /* SwiftUIImageTest.swift */,
				456E8BB12527415300B94C90 /* SwiftUIButtonTest.swift */,
				456E8BB52527458F00B94C90 /* SwiftUINavigationLink.swift */,
				456E8BB92527476800B94C90 /* SwiftUIToggleSwitchTest.swift */,
				452B7C2125287F52001D261E /* SwiftUIViewTest.swift */,
				4529652C2529E2CB006DDBE8 /* SwiftUITextFieldTest.swift */,
				4529652F2529E2E9006DDBE8 /* SwiftUIListTest.swift */,
				4529654C2529F1CD006DDBE8 /* SwiftUIDinamicListTest.swift */,
				4529654F2529F23D006DDBE8 /* SwiftUIListDeleteTest.swift */,
				452965522529F2D7006DDBE8 /* SwiftUIListEditTest.swift */,
				452965552529F334006DDBE8 /* SwiftUIListSectionGroupTest.swift */,
				452965322529E377006DDBE8 /* SwiftUIFormTest.swift */,
				4529655A2529F846006DDBE8 /* SwiftUIFormSectionTest.swift */,
				4529655D2529F889006DDBE8 /* SwiftUIFormDisableTest.swift */,
				452965602529F91C006DDBE8 /* SwiftUIFormHideTest.swift */,
				452965632529F9FE006DDBE8 /* SwiftUIScrollViewTest.swift */,
				452965352529E385006DDBE8 /* SwiftUIPickerTest.swift */,
				45296567252A00FD006DDBE8 /* SwiftUIPickerInFormTest.swift */,
				452965382529E392006DDBE8 /* SwiftUISliderTest.swift */,
				452493A1252C0A2100AAF843 /* SwiftUIStepperTest.swift */,
				4529653B2529E3A2006DDBE8 /* SwiftUINavigationViewTest.swift */,
				452493A5252C0D4B00AAF843 /* SwiftUINavigarionDetailView.swift */,
				4529653E2529E3AD006DDBE8 /* SwiftUITabViewTest.swift */,
				452493A8252C20D700AAF843 /* SwiftUITabViewContent1.swift */,
				452493AC252C20E200AAF843 /* SwiftUITabViewContent2.swift */,
				452965412529E3B6006DDBE8 /* SwiftUIAlertTest.swift */,
				452965442529E3C1006DDBE8 /* SwiftUIAcionSheetTest.swift */,
				452965472529E3CC006DDBE8 /* SwiftUIPreviewTest.swift */,
			);
			path = basic;
			sourceTree = "<group>";
		};
		4532415B253EA98F00AD1199 /* GridView */ = {
			isa = PBXGroup;
			children = (
				4532415C253EA9EA00AD1199 /* DinamicGridView.swift */,
			);
			path = GridView;
			sourceTree = "<group>";
		};
		4533B83E2592F2C3006B1088 /* GeometryReader */ = {
			isa = PBXGroup;
			children = (
				4533B83F2592F2D7006B1088 /* GeometryTest.swift */,
				4533B845259312BE006B1088 /* GeometryTest2.swift */,
				4533B84825931B78006B1088 /* GeometryTest3.swift */,
				45B4196A259D95FF00173D6C /* GeometryTest4.swift */,
			);
			path = GeometryReader;
			sourceTree = "<group>";
		};
		45594DF82522F8A2001ADDCC = {
			isa = PBXGroup;
			children = (
				45594E032522F8A2001ADDCC /* SwiftUITest */,
				45594E022522F8A2001ADDCC /* Products */,
			);
			sourceTree = "<group>";
		};
		45594E022522F8A2001ADDCC /* Products */ = {
			isa = PBXGroup;
			children = (
				45594E012522F8A2001ADDCC /* SwiftUITest.app */,
			);
			name = Products;
			sourceTree = "<group>";
		};
		45594E032522F8A2001ADDCC /* SwiftUITest */ = {
			isa = PBXGroup;
			children = (
				45594E042522F8A2001ADDCC /* SwiftUITestApp.swift */,
				4533B83E2592F2C3006B1088 /* GeometryReader */,
				45AC176C256BBD4500E42AA1 /* ComplexAnimations */,
				452F685325513F27005FD3F7 /* DataBinding */,
				45666F8A25401EC8000B5516 /* Chart */,
				4532415B253EA98F00AD1199 /* GridView */,
				4532415A253EA97900AD1199 /* basic */,
				45594E082522F8A2001ADDCC /* Assets.xcassets */,
				45594E0D2522F8A2001ADDCC /* Info.plist */,
				45594E0A2522F8A2001ADDCC /* Preview Content */,
			);
			path = SwiftUITest;
			sourceTree = "<group>";
		};
		45594E0A2522F8A2001ADDCC /* Preview Content */ = {
			isa = PBXGroup;
			children = (
				45594E0B2522F8A2001ADDCC /* Preview Assets.xcassets */,
			);
			path = "Preview Content";
			sourceTree = "<group>";
		};
		45666F8A25401EC8000B5516 /* Chart */ = {
			isa = PBXGroup;
			children = (
				45666F8B25401ED6000B5516 /* BarChart.swift */,
				459D4C15255E252100A121E3 /* BarChart_Clickable.swift */,
			);
			path = Chart;
			sourceTree = "<group>";
		};
		45AC176C256BBD4500E42AA1 /* ComplexAnimations */ = {
			isa = PBXGroup;
			children = (
				45AC1772256BBD8E00E42AA1 /* Model */,
				45AC1771256BBD8900E42AA1 /* View */,
			);
			path = ComplexAnimations;
			sourceTree = "<group>";
		};
		45AC1771256BBD8900E42AA1 /* View */ = {
			isa = PBXGroup;
			children = (
				45F8695F2577AB6C0006DD03 /* ComplexAnimationContentView.swift */,
				45AC1774256BBDB300E42AA1 /* ComplexAnimationHome.swift */,
				45F869622577AC8A0006DD03 /* TabButton.swift */,
			);
			path = View;
			sourceTree = "<group>";
		};
		45AC1772256BBD8E00E42AA1 /* Model */ = {
			isa = PBXGroup;
			children = (
				45F869662577AEF90006DD03 /* Item.swift */,
			);
			path = Model;
			sourceTree = "<group>";
		};
/* End PBXGroup section */

/* Begin PBXNativeTarget section */
		45594E002522F8A2001ADDCC /* SwiftUITest */ = {
			isa = PBXNativeTarget;
			buildConfigurationList = 45594E102522F8A2001ADDCC /* Build configuration list for PBXNativeTarget "SwiftUITest" */;
			buildPhases = (
				45594DFD2522F8A2001ADDCC /* Sources */,
				45594DFE2522F8A2001ADDCC /* Frameworks */,
				45594DFF2522F8A2001ADDCC /* Resources */,
			);
			buildRules = (
			);
			dependencies = (
			);
			name = SwiftUITest;
			productName = SwiftUITest;
			productReference = 45594E012522F8A2001ADDCC /* SwiftUITest.app */;
			productType = "com.apple.product-type.application";
		};
/* End PBXNativeTarget section */

/* Begin PBXProject section */
		45594DF92522F8A2001ADDCC /* Project object */ = {
			isa = PBXProject;
			attributes = {
				LastSwiftUpdateCheck = 1200;
				LastUpgradeCheck = 1200;
				TargetAttributes = {
					45594E002522F8A2001ADDCC = {
						CreatedOnToolsVersion = 12.0.1;
					};
				};
			};
			buildConfigurationList = 45594DFC2522F8A2001ADDCC /* Build configuration list for PBXProject "SwiftUITest" */;
			compatibilityVersion = "Xcode 9.3";
			developmentRegion = en;
			hasScannedForEncodings = 0;
			knownRegions = (
				en,
				Base,
			);
			mainGroup = 45594DF82522F8A2001ADDCC;
			productRefGroup = 45594E022522F8A2001ADDCC /* Products */;
			projectDirPath = "";
			projectRoot = "";
			targets = (
				45594E002522F8A2001ADDCC /* SwiftUITest */,
			);
		};
/* End PBXProject section */

/* Begin PBXResourcesBuildPhase section */
		45594DFF2522F8A2001ADDCC /* Resources */ = {
			isa = PBXResourcesBuildPhase;
			buildActionMask = 2147483647;
			files = (
				45594E0C2522F8A2001ADDCC /* Preview Assets.xcassets in Resources */,
				45594E092522F8A2001ADDCC /* Assets.xcassets in Resources */,
			);
			runOnlyForDeploymentPostprocessing = 0;
		};
/* End PBXResourcesBuildPhase section */

/* Begin PBXSourcesBuildPhase section */
		45594DFD2522F8A2001ADDCC /* Sources */ = {
			isa = PBXSourcesBuildPhase;
			buildActionMask = 2147483647;
			files = (
				4529653F2529E3AD006DDBE8 /* SwiftUITabViewTest.swift in Sources */,
				452493AD252C20E200AAF843 /* SwiftUITabViewContent2.swift in Sources */,
				452493A9252C20D700AAF843 /* SwiftUITabViewContent1.swift in Sources */,
				452965482529E3CC006DDBE8 /* SwiftUIPreviewTest.swift in Sources */,
				452F685C25513F61005FD3F7 /* ObservedObjectTest.swift in Sources */,
				4533B8402592F2D7006B1088 /* GeometryTest.swift in Sources */,
				452965392529E392006DDBE8 /* SwiftUISliderTest.swift in Sources */,
				45F869672577AEF90006DD03 /* Item.swift in Sources */,
				4529654D2529F1CD006DDBE8 /* SwiftUIDinamicListTest.swift in Sources */,
				4529655E2529F889006DDBE8 /* SwiftUIFormDisableTest.swift in Sources */,
				452F685525513F48005FD3F7 /* StateTest.swift in Sources */,
				452493A6252C0D4B00AAF843 /* SwiftUINavigarionDetailView.swift in Sources */,
				452965642529F9FE006DDBE8 /* SwiftUIScrollViewTest.swift in Sources */,
				452B7C2225287F52001D261E /* SwiftUIViewTest.swift in Sources */,
				4529652D2529E2CB006DDBE8 /* SwiftUITextFieldTest.swift in Sources */,
				4532415D253EA9EA00AD1199 /* DinamicGridView.swift in Sources */,
				452965452529E3C1006DDBE8 /* SwiftUIAcionSheetTest.swift in Sources */,
				45594E2025230350001ADDCC /* SwiftUIImageTest.swift in Sources */,
				452965332529E377006DDBE8 /* SwiftUIFormTest.swift in Sources */,
				45594E1D252302FE001ADDCC /* SwiftUIDateTest.swift in Sources */,
				452965362529E385006DDBE8 /* SwiftUIPickerTest.swift in Sources */,
				4529655B2529F846006DDBE8 /* SwiftUIFormSectionTest.swift in Sources */,
				452F686125514694005FD3F7 /* EnvironmentObjectTest.swift in Sources */,
				452965612529F91C006DDBE8 /* SwiftUIFormHideTest.swift in Sources */,
				45AC1775256BBDB300E42AA1 /* ComplexAnimationHome.swift in Sources */,
				452965532529F2D7006DDBE8 /* SwiftUIListEditTest.swift in Sources */,
				45666F8C25401ED6000B5516 /* BarChart.swift in Sources */,
				45B4196B259D95FF00173D6C /* GeometryTest4.swift in Sources */,
				45296568252A00FD006DDBE8 /* SwiftUIPickerInFormTest.swift in Sources */,
				4529653C2529E3A2006DDBE8 /* SwiftUINavigationViewTest.swift in Sources */,
				45F869632577AC8A0006DD03 /* TabButton.swift in Sources */,
				45F869602577AB6C0006DD03 /* ComplexAnimationContentView.swift in Sources */,
				452493A2252C0A2100AAF843 /* SwiftUIStepperTest.swift in Sources */,
				452965422529E3B6006DDBE8 /* SwiftUIAlertTest.swift in Sources */,
				452965302529E2E9006DDBE8 /* SwiftUIListTest.swift in Sources */,
				452F685925513F52005FD3F7 /* BindingTest.swift in Sources */,
				4533B846259312BE006B1088 /* GeometryTest2.swift in Sources */,
				45594E072522F8A2001ADDCC /* ContentView.swift in Sources */,
				45594E052522F8A2001ADDCC /* SwiftUITestApp.swift in Sources */,
				456E8BB62527458F00B94C90 /* SwiftUINavigationLink.swift in Sources */,
				452965502529F23D006DDBE8 /* SwiftUIListDeleteTest.swift in Sources */,
				459D4C16255E252100A121E3 /* BarChart_Clickable.swift in Sources */,
				4533B84925931B78006B1088 /* GeometryTest3.swift in Sources */,
				45594E1925230274001ADDCC /* SwiftUITextTest.swift in Sources */,
				456E8BB22527415300B94C90 /* SwiftUIButtonTest.swift in Sources */,
				456E8BBA2527476800B94C90 /* SwiftUIToggleSwitchTest.swift in Sources */,
				452965562529F334006DDBE8 /* SwiftUIListSectionGroupTest.swift in Sources */,
			);
			runOnlyForDeploymentPostprocessing = 0;
		};
/* End PBXSourcesBuildPhase section */

/* Begin XCBuildConfiguration section */
		45594E0E2522F8A2001ADDCC /* Debug */ = {
			isa = XCBuildConfiguration;
			buildSettings = {
				ALWAYS_SEARCH_USER_PATHS = NO;
				CLANG_ANALYZER_NONNULL = YES;
				CLANG_ANALYZER_NUMBER_OBJECT_CONVERSION = YES_AGGRESSIVE;
				CLANG_CXX_LANGUAGE_STANDARD = "gnu++14";
				CLANG_CXX_LIBRARY = "libc++";
				CLANG_ENABLE_MODULES = YES;
				CLANG_ENABLE_OBJC_ARC = YES;
				CLANG_ENABLE_OBJC_WEAK = YES;
				CLANG_WARN_BLOCK_CAPTURE_AUTORELEASING = YES;
				CLANG_WARN_BOOL_CONVERSION = YES;
				CLANG_WARN_COMMA = YES;
				CLANG_WARN_CONSTANT_CONVERSION = YES;
				CLANG_WARN_DEPRECATED_OBJC_IMPLEMENTATIONS = YES;
				CLANG_WARN_DIRECT_OBJC_ISA_USAGE = YES_ERROR;
				CLANG_WARN_DOCUMENTATION_COMMENTS = YES;
				CLANG_WARN_EMPTY_BODY = YES;
				CLANG_WARN_ENUM_CONVERSION = YES;
				CLANG_WARN_INFINITE_RECURSION = YES;
				CLANG_WARN_INT_CONVERSION = YES;
				CLANG_WARN_NON_LITERAL_NULL_CONVERSION = YES;
				CLANG_WARN_OBJC_IMPLICIT_RETAIN_SELF = YES;
				CLANG_WARN_OBJC_LITERAL_CONVERSION = YES;
				CLANG_WARN_OBJC_ROOT_CLASS = YES_ERROR;
				CLANG_WARN_QUOTED_INCLUDE_IN_FRAMEWORK_HEADER = YES;
				CLANG_WARN_RANGE_LOOP_ANALYSIS = YES;
				CLANG_WARN_STRICT_PROTOTYPES = YES;
				CLANG_WARN_SUSPICIOUS_MOVE = YES;
				CLANG_WARN_UNGUARDED_AVAILABILITY = YES_AGGRESSIVE;
				CLANG_WARN_UNREACHABLE_CODE = YES;
				CLANG_WARN__DUPLICATE_METHOD_MATCH = YES;
				COPY_PHASE_STRIP = NO;
				DEBUG_INFORMATION_FORMAT = dwarf;
				ENABLE_STRICT_OBJC_MSGSEND = YES;
				ENABLE_TESTABILITY = YES;
				GCC_C_LANGUAGE_STANDARD = gnu11;
				GCC_DYNAMIC_NO_PIC = NO;
				GCC_NO_COMMON_BLOCKS = YES;
				GCC_OPTIMIZATION_LEVEL = 0;
				GCC_PREPROCESSOR_DEFINITIONS = (
					"DEBUG=1",
					"$(inherited)",
				);
				GCC_WARN_64_TO_32_BIT_CONVERSION = YES;
				GCC_WARN_ABOUT_RETURN_TYPE = YES_ERROR;
				GCC_WARN_UNDECLARED_SELECTOR = YES;
				GCC_WARN_UNINITIALIZED_AUTOS = YES_AGGRESSIVE;
				GCC_WARN_UNUSED_FUNCTION = YES;
				GCC_WARN_UNUSED_VARIABLE = YES;
				IPHONEOS_DEPLOYMENT_TARGET = 14.0;
				MTL_ENABLE_DEBUG_INFO = INCLUDE_SOURCE;
				MTL_FAST_MATH = YES;
				ONLY_ACTIVE_ARCH = YES;
				SDKROOT = iphoneos;
				SWIFT_ACTIVE_COMPILATION_CONDITIONS = DEBUG;
				SWIFT_OPTIMIZATION_LEVEL = "-Onone";
			};
			name = Debug;
		};
		45594E0F2522F8A2001ADDCC /* Release */ = {
			isa = XCBuildConfiguration;
			buildSettings = {
				ALWAYS_SEARCH_USER_PATHS = NO;
				CLANG_ANALYZER_NONNULL = YES;
				CLANG_ANALYZER_NUMBER_OBJECT_CONVERSION = YES_AGGRESSIVE;
				CLANG_CXX_LANGUAGE_STANDARD = "gnu++14";
				CLANG_CXX_LIBRARY = "libc++";
				CLANG_ENABLE_MODULES = YES;
				CLANG_ENABLE_OBJC_ARC = YES;
				CLANG_ENABLE_OBJC_WEAK = YES;
				CLANG_WARN_BLOCK_CAPTURE_AUTORELEASING = YES;
				CLANG_WARN_BOOL_CONVERSION = YES;
				CLANG_WARN_COMMA = YES;
				CLANG_WARN_CONSTANT_CONVERSION = YES;
				CLANG_WARN_DEPRECATED_OBJC_IMPLEMENTATIONS = YES;
				CLANG_WARN_DIRECT_OBJC_ISA_USAGE = YES_ERROR;
				CLANG_WARN_DOCUMENTATION_COMMENTS = YES;
				CLANG_WARN_EMPTY_BODY = YES;
				CLANG_WARN_ENUM_CONVERSION = YES;
				CLANG_WARN_INFINITE_RECURSION = YES;
				CLANG_WARN_INT_CONVERSION = YES;
				CLANG_WARN_NON_LITERAL_NULL_CONVERSION = YES;
				CLANG_WARN_OBJC_IMPLICIT_RETAIN_SELF = YES;
				CLANG_WARN_OBJC_LITERAL_CONVERSION = YES;
				CLANG_WARN_OBJC_ROOT_CLASS = YES_ERROR;
				CLANG_WARN_QUOTED_INCLUDE_IN_FRAMEWORK_HEADER = YES;
				CLANG_WARN_RANGE_LOOP_ANALYSIS = YES;
				CLANG_WARN_STRICT_PROTOTYPES = YES;
				CLANG_WARN_SUSPICIOUS_MOVE = YES;
				CLANG_WARN_UNGUARDED_AVAILABILITY = YES_AGGRESSIVE;
				CLANG_WARN_UNREACHABLE_CODE = YES;
				CLANG_WARN__DUPLICATE_METHOD_MATCH = YES;
				COPY_PHASE_STRIP = NO;
				DEBUG_INFORMATION_FORMAT = "dwarf-with-dsym";
				ENABLE_NS_ASSERTIONS = NO;
				ENABLE_STRICT_OBJC_MSGSEND = YES;
				GCC_C_LANGUAGE_STANDARD = gnu11;
				GCC_NO_COMMON_BLOCKS = YES;
				GCC_WARN_64_TO_32_BIT_CONVERSION = YES;
				GCC_WARN_ABOUT_RETURN_TYPE = YES_ERROR;
				GCC_WARN_UNDECLARED_SELECTOR = YES;
				GCC_WARN_UNINITIALIZED_AUTOS = YES_AGGRESSIVE;
				GCC_WARN_UNUSED_FUNCTION = YES;
				GCC_WARN_UNUSED_VARIABLE = YES;
				IPHONEOS_DEPLOYMENT_TARGET = 14.0;
				MTL_ENABLE_DEBUG_INFO = NO;
				MTL_FAST_MATH = YES;
				SDKROOT = iphoneos;
				SWIFT_COMPILATION_MODE = wholemodule;
				SWIFT_OPTIMIZATION_LEVEL = "-O";
				VALIDATE_PRODUCT = YES;
			};
			name = Release;
		};
		45594E112522F8A2001ADDCC /* Debug */ = {
			isa = XCBuildConfiguration;
			buildSettings = {
				ASSETCATALOG_COMPILER_APPICON_NAME = AppIcon;
				ASSETCATALOG_COMPILER_GLOBAL_ACCENT_COLOR_NAME = AccentColor;
				CODE_SIGN_STYLE = Automatic;
				DEVELOPMENT_ASSET_PATHS = "\"SwiftUITest/Preview Content\"";
				DEVELOPMENT_TEAM = GUHPQDWLGB;
				ENABLE_PREVIEWS = YES;
				INFOPLIST_FILE = SwiftUITest/Info.plist;
				IPHONEOS_DEPLOYMENT_TARGET = 14.0;
				LD_RUNPATH_SEARCH_PATHS = (
					"$(inherited)",
					"@executable_path/Frameworks",
				);
				PRODUCT_BUNDLE_IDENTIFIER = com.jin0yoon.SwiftUITest;
				PRODUCT_NAME = "$(TARGET_NAME)";
				SWIFT_VERSION = 5.0;
				TARGETED_DEVICE_FAMILY = "1,2";
			};
			name = Debug;
		};
		45594E122522F8A2001ADDCC /* Release */ = {
			isa = XCBuildConfiguration;
			buildSettings = {
				ASSETCATALOG_COMPILER_APPICON_NAME = AppIcon;
				ASSETCATALOG_COMPILER_GLOBAL_ACCENT_COLOR_NAME = AccentColor;
				CODE_SIGN_STYLE = Automatic;
				DEVELOPMENT_ASSET_PATHS = "\"SwiftUITest/Preview Content\"";
				DEVELOPMENT_TEAM = GUHPQDWLGB;
				ENABLE_PREVIEWS = YES;
				INFOPLIST_FILE = SwiftUITest/Info.plist;
				IPHONEOS_DEPLOYMENT_TARGET = 14.0;
				LD_RUNPATH_SEARCH_PATHS = (
					"$(inherited)",
					"@executable_path/Frameworks",
				);
				PRODUCT_BUNDLE_IDENTIFIER = com.jin0yoon.SwiftUITest;
				PRODUCT_NAME = "$(TARGET_NAME)";
				SWIFT_VERSION = 5.0;
				TARGETED_DEVICE_FAMILY = "1,2";
			};
			name = Release;
		};
/* End XCBuildConfiguration section */

/* Begin XCConfigurationList section */
		45594DFC2522F8A2001ADDCC /* Build configuration list for PBXProject "SwiftUITest" */ = {
			isa = XCConfigurationList;
			buildConfigurations = (
				45594E0E2522F8A2001ADDCC /* Debug */,
				45594E0F2522F8A2001ADDCC /* Release */,
			);
			defaultConfigurationIsVisible = 0;
			defaultConfigurationName = Release;
		};
		45594E102522F8A2001ADDCC /* Build configuration list for PBXNativeTarget "SwiftUITest" */ = {
			isa = XCConfigurationList;
			buildConfigurations = (
				45594E112522F8A2001ADDCC /* Debug */,
				45594E122522F8A2001ADDCC /* Release */,
			);
			defaultConfigurationIsVisible = 0;
			defaultConfigurationName = Release;
		};
/* End XCConfigurationList section */
	};
	rootObject = 45594DF92522F8A2001ADDCC /* Project object */;
}
